// !$*UTF8*$!
{
	archiveVersion = 1;
	classes = {
	};
	objectVersion = 46;
	objects = {

		8771D2B15B2C8E00ED424004 = {isa = PBXBuildFile; fileRef = 51BB54DC918C5E7A2F765118; };
		DF7DABC7AE740C434E640870 = {isa = PBXBuildFile; fileRef = D9F03D15B1D22A7C47114EB5; };
		ECB7A2CB41D0A42362A4BC0B = {isa = PBXBuildFile; fileRef = A73284D100C35D45B05009F1; };
		38E61B72ECC2DA3973878A01 = {isa = PBXBuildFile; fileRef = 5C839888ABA9FFBA485D63B8; };
		D7E10A0B5AA0295091160EA0 = {isa = PBXBuildFile; fileRef = 0A6DCE8331F313B778D89BEF; };
		4EAA615AB9F267AECAE1B64B = {isa = PBXBuildFile; fileRef = 902EA2F572CA746CA2F36131; };
		CB38A0CE5C030BB437B89082 = {isa = PBXBuildFile; fileRef = 7C78A2068D9246F472C87692; };
		26F40E9EDC5DA177FF081C44 = {isa = PBXBuildFile; fileRef = 2C13F2D14521E11069EE5EDD; };
		6B54839AD625C7981D5A7660 = {isa = PBXBuildFile; fileRef = F92EE66E03DD1274677BEBB7; };
		1A4428B7708435F41B7DB3F0 = {isa = PBXBuildFile; fileRef = C514BA9B1A0253301BDC3E18; };
		E269C7D1DCABC3E041624F39 = {isa = PBXBuildFile; fileRef = D83D685205FEB264CA6AAC2E; };
		79ED7B7465E23E272122EF9E = {isa = PBXBuildFile; fileRef = D358E6034E550FC504CEEC60; };
		529F9291EC0B35CB6D717CEE = {isa = PBXBuildFile; fileRef = 70FBAC57A91F3979D18E255C; };
		B269BA3128691FDDE3373BF0 = {isa = PBXBuildFile; fileRef = F4C228CDF14BD84C86D61B7A; };
		320943E04B02DC44CE354BC6 = {isa = PBXBuildFile; fileRef = 3EBA319BA8251EA07473E1B7; };
		B4E9B8AE7C0C51337AA15F0A = {isa = PBXBuildFile; fileRef = BDE33F7D093656B92F86FB7B; };
		FD7ED22B76F3B2E190C8BF66 = {isa = PBXBuildFile; fileRef = 557359E4D08C25D464C0EE6D; };
		61CF347F2E2DD3742C331603 = {isa = PBXBuildFile; fileRef = DD28112E5A2D4222601A4731; };
		7F83A01A8C66A1B208377383 = {isa = PBXBuildFile; fileRef = 75D591D802373D8B12F658CC; };
		034F3180DE88D0C0045DA99F = {isa = PBXBuildFile; fileRef = BBD8D94E9A4281CBB1CA621D; };
		5684448DB49E1A897FD288B7 = {isa = PBXBuildFile; fileRef = 3BEA79528748C8DD75AD42E8; };
		3541CAC7F7C81B0BFB66DA19 = {isa = PBXBuildFile; fileRef = F5AD8BB89D924A44EB01ADA0; };
		D4A649FCD87E923FD1BCE80C = {isa = PBXBuildFile; fileRef = 956A90C7C0FA16454D833D16; };
		465AF57D098B0EFF2C110307 = {isa = PBXBuildFile; fileRef = 803E3513CB5DFFB740E91C1F; };
		922546C7A742862F9A36808B = {isa = PBXBuildFile; fileRef = 226D358A0BBEA3C8F52D318C; };
		9F7F490D0F8C2A1A960E2FFE = {isa = PBXBuildFile; fileRef = 850CACBF23C894491D4E8A5E; };
		53697CB20F75D859C90818C7 = {isa = PBXBuildFile; fileRef = 654B026D698633DC1A8C761D; };
		7D31A820AFC5AE3FD5CBB7C5 = {isa = PBXBuildFile; fileRef = 34C19DAC790E5CCE6BB4F4B7; };
		245968CF77BBBFE1B6FFC51F = {isa = PBXBuildFile; fileRef = 778657F7EA3739BCDA94930A; };
		EC985457614F8B1378892D1A = {isa = PBXBuildFile; fileRef = BFD334D92F334A4657256040; };
		16B82F2953C214669D7E0873 = {isa = PBXBuildFile; fileRef = 1C009F0AF0F88AFDFC361952; };
		B21EA178F6B8C08BAC9CDB1C = {isa = PBXBuildFile; fileRef = 268C48CD8B488F95E62F521A; };
		D09DD7C525B6C12D531E4355 = {isa = PBXBuildFile; fileRef = D279AC6379DEAC9BACEA240C; };
		D439154ADDBC89179472BF01 = {isa = PBXBuildFile; fileRef = ABEA6F218234FEFA49A197D3; };
		DF4C21215732945346894BA5 = {isa = PBXBuildFile; fileRef = 8526A08E79BFF745E51C3C87; };
		8BE4B31C027B3D11B2922AD8 = {isa = PBXBuildFile; fileRef = 2A96F8F4DD9F4B0D0E052F0B; };
		DFEA0A250F04EB55E88BBF59 = {isa = PBXBuildFile; fileRef = 25BD02973257432DFE6A9602; };
		AD17BDE9C58CAFDEB888DB38 = {isa = PBXBuildFile; fileRef = 821B6F87172BADBA8B162278; };
		0A6DCE8331F313B778D89BEF = {isa = PBXFileReference; lastKnownFileType = wrapper.framework; name = AudioToolbox.framework; path = System/Library/Frameworks/AudioToolbox.framework; sourceTree = SDKROOT; };
		0E96DA7F06BD9C1A8F3330C3 = {isa = PBXFileReference; lastKnownFileType = file; name = "juce_events"; path = "~/Developer/JUCE5/modules/juce_events"; sourceTree = "<absolute>"; };
		185DD79664D46723BB90A597 = {isa = PBXFileReference; lastKnownFileType = sourcecode.c.h; name = FrequalizerProcessor.h; path = ../../Source/FrequalizerProcessor.h; sourceTree = "SOURCE_ROOT"; };
		1C009F0AF0F88AFDFC361952 = {isa = PBXFileReference; lastKnownFileType = sourcecode.cpp.objcpp; name = "include_juce_cryptography.mm"; path = "../../JuceLibraryCode/include_juce_cryptography.mm"; sourceTree = "SOURCE_ROOT"; };
		226D358A0BBEA3C8F52D318C = {isa = PBXFileReference; lastKnownFileType = sourcecode.cpp.objcpp; name = "include_juce_audio_plugin_client_AU_2.mm"; path = "../../JuceLibraryCode/include_juce_audio_plugin_client_AU_2.mm"; sourceTree = "SOURCE_ROOT"; };
		24ADF2C3EE8DA042F52EE33F = {isa = PBXFileReference; lastKnownFileType = file; name = "juce_cryptography"; path = "~/Developer/JUCE5/modules/juce_cryptography"; sourceTree = "<absolute>"; };
		25BD02973257432DFE6A9602 = {isa = PBXFileReference; lastKnownFileType = sourcecode.cpp.objcpp; name = "include_juce_gui_extra.mm"; path = "../../JuceLibraryCode/include_juce_gui_extra.mm"; sourceTree = "SOURCE_ROOT"; };
		268C48CD8B488F95E62F521A = {isa = PBXFileReference; lastKnownFileType = sourcecode.cpp.objcpp; name = "include_juce_data_structures.mm"; path = "../../JuceLibraryCode/include_juce_data_structures.mm"; sourceTree = "SOURCE_ROOT"; };
		2A6C6CCBC17F15C88261D4A2 = {isa = PBXFileReference; lastKnownFileType = file; name = "juce_gui_extra"; path = "~/Developer/JUCE5/modules/juce_gui_extra"; sourceTree = "<absolute>"; };
		2A96F8F4DD9F4B0D0E052F0B = {isa = PBXFileReference; lastKnownFileType = sourcecode.cpp.objcpp; name = "include_juce_gui_basics.mm"; path = "../../JuceLibraryCode/include_juce_gui_basics.mm"; sourceTree = "SOURCE_ROOT"; };
		2C13F2D14521E11069EE5EDD = {isa = PBXFileReference; lastKnownFileType = wrapper.framework; name = Cocoa.framework; path = System/Library/Frameworks/Cocoa.framework; sourceTree = SDKROOT; };
		34C19DAC790E5CCE6BB4F4B7 = {isa = PBXFileReference; lastKnownFileType = sourcecode.cpp.cpp; name = "include_juce_audio_plugin_client_VST2.cpp"; path = "../../JuceLibraryCode/include_juce_audio_plugin_client_VST2.cpp"; sourceTree = "SOURCE_ROOT"; };
		3A48DB595C42E878F577CB2D = {isa = PBXFileReference; lastKnownFileType = text.plist.xml; name = Frequalizer.entitlements; path = Frequalizer.entitlements; sourceTree = "SOURCE_ROOT"; };
		3BEA79528748C8DD75AD42E8 = {isa = PBXFileReference; lastKnownFileType = sourcecode.cpp.objcpp; name = "include_juce_audio_basics.mm"; path = "../../JuceLibraryCode/include_juce_audio_basics.mm"; sourceTree = "SOURCE_ROOT"; };
		3EBA319BA8251EA07473E1B7 = {isa = PBXFileReference; lastKnownFileType = wrapper.framework; name = WebKit.framework; path = System/Library/Frameworks/WebKit.framework; sourceTree = SDKROOT; };
		498B8250F5029091F55D57BD = {isa = PBXFileReference; lastKnownFileType = file; name = "juce_dsp"; path = "~/Developer/JUCE5/modules/juce_dsp"; sourceTree = "<absolute>"; };
		4F59D59D14AD819F76B61C10 = {isa = PBXFileReference; lastKnownFileType = file; name = "juce_audio_basics"; path = "~/Developer/JUCE5/modules/juce_audio_basics"; sourceTree = "<absolute>"; };
		51BB54DC918C5E7A2F765118 = {isa = PBXFileReference; explicitFileType = wrapper.cfbundle; includeInIndex = 0; path = Frequalizer.vst; sourceTree = "BUILT_PRODUCTS_DIR"; };
		557359E4D08C25D464C0EE6D = {isa = PBXFileReference; lastKnownFileType = file.icns; name = Icon.icns; path = Icon.icns; sourceTree = "SOURCE_ROOT"; };
		57E974856704DE004C839CA1 = {isa = PBXFileReference; lastKnownFileType = sourcecode.c.h; name = JuceHeader.h; path = ../../JuceLibraryCode/JuceHeader.h; sourceTree = "SOURCE_ROOT"; };
		5890352CE1BB0D14E043522A = {isa = PBXFileReference; lastKnownFileType = sourcecode.c.h; name = BinaryData.h; path = ../../JuceLibraryCode/BinaryData.h; sourceTree = "SOURCE_ROOT"; };
		5C839888ABA9FFBA485D63B8 = {isa = PBXFileReference; lastKnownFileType = wrapper.framework; name = Accelerate.framework; path = System/Library/Frameworks/Accelerate.framework; sourceTree = SDKROOT; };
		5D52E5BC3A8D1A6C218D7DBB = {isa = PBXFileReference; lastKnownFileType = file; name = "juce_data_structures"; path = "~/Developer/JUCE5/modules/juce_data_structures"; sourceTree = "<absolute>"; };
		5D63027EA4E234CEF085853E = {isa = PBXFileReference; lastKnownFileType = sourcecode.c.h; name = SocialButtons.h; path = ../../Source/SocialButtons.h; sourceTree = "SOURCE_ROOT"; };
		63EFA85EE4280C6616068548 = {isa = PBXFileReference; lastKnownFileType = file; name = "juce_gui_basics"; path = "~/Developer/JUCE5/modules/juce_gui_basics"; sourceTree = "<absolute>"; };
		654B026D698633DC1A8C761D = {isa = PBXFileReference; lastKnownFileType = sourcecode.cpp.objcpp; name = "include_juce_audio_plugin_client_VST_utils.mm"; path = "../../JuceLibraryCode/include_juce_audio_plugin_client_VST_utils.mm"; sourceTree = "SOURCE_ROOT"; };
		6A01226A9B1FB96E313D8CC4 = {isa = PBXFileReference; lastKnownFileType = file; name = "juce_core"; path = "~/Developer/JUCE5/modules/juce_core"; sourceTree = "<absolute>"; };
		70FBAC57A91F3979D18E255C = {isa = PBXFileReference; lastKnownFileType = wrapper.framework; name = OpenGL.framework; path = System/Library/Frameworks/OpenGL.framework; sourceTree = SDKROOT; };
		75D591D802373D8B12F658CC = {isa = PBXFileReference; lastKnownFileType = sourcecode.cpp.cpp; name = FrequalizerEditor.cpp; path = ../../Source/FrequalizerEditor.cpp; sourceTree = "SOURCE_ROOT"; };
		778657F7EA3739BCDA94930A = {isa = PBXFileReference; lastKnownFileType = sourcecode.cpp.objcpp; name = "include_juce_audio_processors.mm"; path = "../../JuceLibraryCode/include_juce_audio_processors.mm"; sourceTree = "SOURCE_ROOT"; };
		7C78A2068D9246F472C87692 = {isa = PBXFileReference; lastKnownFileType = wrapper.framework; name = Carbon.framework; path = System/Library/Frameworks/Carbon.framework; sourceTree = SDKROOT; };
		803E3513CB5DFFB740E91C1F = {isa = PBXFileReference; lastKnownFileType = sourcecode.cpp.objcpp; name = "include_juce_audio_plugin_client_AU_1.mm"; path = "../../JuceLibraryCode/include_juce_audio_plugin_client_AU_1.mm"; sourceTree = "SOURCE_ROOT"; };
		821B6F87172BADBA8B162278 = {isa = PBXFileReference; lastKnownFileType = sourcecode.cpp.objcpp; name = "include_juce_opengl.mm"; path = "../../JuceLibraryCode/include_juce_opengl.mm"; sourceTree = "SOURCE_ROOT"; };
		850CACBF23C894491D4E8A5E = {isa = PBXFileReference; lastKnownFileType = sourcecode.cpp.cpp; name = "include_juce_audio_plugin_client_utils.cpp"; path = "../../JuceLibraryCode/include_juce_audio_plugin_client_utils.cpp"; sourceTree = "SOURCE_ROOT"; };
		8526A08E79BFF745E51C3C87 = {isa = PBXFileReference; lastKnownFileType = sourcecode.cpp.objcpp; name = "include_juce_graphics.mm"; path = "../../JuceLibraryCode/include_juce_graphics.mm"; sourceTree = "SOURCE_ROOT"; };
		902EA2F572CA746CA2F36131 = {isa = PBXFileReference; lastKnownFileType = wrapper.framework; name = AudioUnit.framework; path = System/Library/Frameworks/AudioUnit.framework; sourceTree = SDKROOT; };
		94B43615F02FEB230C9A37ED = {isa = PBXFileReference; lastKnownFileType = image.png; name = "In-logo.png"; path = "../../Resources/In-logo.png"; sourceTree = "SOURCE_ROOT"; };
		956A90C7C0FA16454D833D16 = {isa = PBXFileReference; lastKnownFileType = file.r; name = "include_juce_audio_plugin_client_AU.r"; path = "../../JuceLibraryCode/include_juce_audio_plugin_client_AU.r"; sourceTree = "SOURCE_ROOT"; };
		99C35B843462A8A21CC0EA90 = {isa = PBXFileReference; lastKnownFileType = text.plist.xml; name = "Info-VST.plist"; path = "Info-VST.plist"; sourceTree = "SOURCE_ROOT"; };
		ABEA6F218234FEFA49A197D3 = {isa = PBXFileReference; lastKnownFileType = sourcecode.cpp.objcpp; name = "include_juce_events.mm"; path = "../../JuceLibraryCode/include_juce_events.mm"; sourceTree = "SOURCE_ROOT"; };
		B70B84966A1C86DCC1A687A1 = {isa = PBXFileReference; lastKnownFileType = file; name = "juce_audio_plugin_client"; path = "~/Developer/JUCE5/modules/juce_audio_plugin_client"; sourceTree = "<absolute>"; };
		BBD8D94E9A4281CBB1CA621D = {isa = PBXFileReference; lastKnownFileType = sourcecode.cpp.cpp; name = BinaryData.cpp; path = ../../JuceLibraryCode/BinaryData.cpp; sourceTree = "SOURCE_ROOT"; };
		BDE33F7D093656B92F86FB7B = {isa = PBXFileReference; lastKnownFileType = file.nib; name = RecentFilesMenuTemplate.nib; path = RecentFilesMenuTemplate.nib; sourceTree = "SOURCE_ROOT"; };
		C3774701F6361B598E23F75E = {isa = PBXFileReference; lastKnownFileType = image.png; name = "Logo-FF.png"; path = "../../Resources/Logo-FF.png"; sourceTree = "SOURCE_ROOT"; };
		C514BA9B1A0253301BDC3E18 = {isa = PBXFileReference; lastKnownFileType = wrapper.framework; name = CoreAudioKit.framework; path = System/Library/Frameworks/CoreAudioKit.framework; sourceTree = SDKROOT; };
		D358E6034E550FC504CEEC60 = {isa = PBXFileReference; lastKnownFileType = wrapper.framework; name = IOKit.framework; path = System/Library/Frameworks/IOKit.framework; sourceTree = SDKROOT; };
		D83D685205FEB264CA6AAC2E = {isa = PBXFileReference; lastKnownFileType = wrapper.framework; name = CoreMIDI.framework; path = System/Library/Frameworks/CoreMIDI.framework; sourceTree = SDKROOT; };
		D9F03D15B1D22A7C47114EB5 = {isa = PBXFileReference; explicitFileType = wrapper.cfbundle; includeInIndex = 0; path = Frequalizer.component; sourceTree = "BUILT_PRODUCTS_DIR"; };
		A73284D100C35D45B05009F1 = {isa = PBXFileReference; explicitFileType = archive.ar; includeInIndex = 0; path = libFrequalizer.a; sourceTree = "BUILT_PRODUCTS_DIR"; };
		AB8520A6549EF7D3610B832E = {isa = PBXFileReference; lastKnownFileType = image.png; name = "GitHub-logo.png"; path = "../../Resources/GitHub-logo.png"; sourceTree = "SOURCE_ROOT"; };
		BFD334D92F334A4657256040 = {isa = PBXFileReference; lastKnownFileType = sourcecode.cpp.objcpp; name = "include_juce_core.mm"; path = "../../JuceLibraryCode/include_juce_core.mm"; sourceTree = "SOURCE_ROOT"; };
		D141160482E5C4D086287D95 = {isa = PBXFileReference; lastKnownFileType = image.png; name = "FF-text.png"; path = "../../Resources/FF-text.png"; sourceTree = "SOURCE_ROOT"; };
		D1751D5F2A77FA25B16536D7 = {isa = PBXFileReference; lastKnownFileType = file; name = "juce_graphics"; path = "~/Developer/JUCE5/modules/juce_graphics"; sourceTree = "<absolute>"; };
		D279AC6379DEAC9BACEA240C = {isa = PBXFileReference; lastKnownFileType = sourcecode.cpp.objcpp; name = "include_juce_dsp.mm"; path = "../../JuceLibraryCode/include_juce_dsp.mm"; sourceTree = "SOURCE_ROOT"; };
		DCB78C06AB5C55E7AAF1C65F = {isa = PBXFileReference; lastKnownFileType = image.png; name = "FB-logo.png"; path = "../../Resources/FB-logo.png"; sourceTree = "SOURCE_ROOT"; };
		DD28112E5A2D4222601A4731 = {isa = PBXFileReference; lastKnownFileType = sourcecode.cpp.cpp; name = FrequalizerProcessor.cpp; path = ../../Source/FrequalizerProcessor.cpp; sourceTree = "SOURCE_ROOT"; };
		DE1D544D6BDC9E7E56337B27 = {isa = PBXFileReference; lastKnownFileType = file; name = "juce_audio_processors"; path = "~/Developer/JUCE5/modules/juce_audio_processors"; sourceTree = "<absolute>"; };
		E996D81C2DEA7CD760D0FE65 = {isa = PBXFileReference; lastKnownFileType = text.plist.xml; name = "Info-AU.plist"; path = "Info-AU.plist"; sourceTree = "SOURCE_ROOT"; };
		E9B98C12F415E2D9FB3D7D2D = {isa = PBXFileReference; lastKnownFileType = sourcecode.c.h; name = AppConfig.h; path = ../../JuceLibraryCode/AppConfig.h; sourceTree = "SOURCE_ROOT"; };
		EB7DA90B4F08B6FDA6A19FA9 = {isa = PBXFileReference; lastKnownFileType = file; name = "juce_audio_formats"; path = "~/Developer/JUCE5/modules/juce_audio_formats"; sourceTree = "<absolute>"; };
		F478E8795405E0060721586E = {isa = PBXFileReference; lastKnownFileType = sourcecode.c.h; name = FrequalizerEditor.h; path = ../../Source/FrequalizerEditor.h; sourceTree = "SOURCE_ROOT"; };
		F4C228CDF14BD84C86D61B7A = {isa = PBXFileReference; lastKnownFileType = wrapper.framework; name = QuartzCore.framework; path = System/Library/Frameworks/QuartzCore.framework; sourceTree = SDKROOT; };
		F5AD8BB89D924A44EB01ADA0 = {isa = PBXFileReference; lastKnownFileType = sourcecode.cpp.objcpp; name = "include_juce_audio_formats.mm"; path = "../../JuceLibraryCode/include_juce_audio_formats.mm"; sourceTree = "SOURCE_ROOT"; };
		F81C6922ACCF2F8675C6C6F0 = {isa = PBXFileReference; lastKnownFileType = file; name = "juce_opengl"; path = "~/Developer/JUCE5/modules/juce_opengl"; sourceTree = "<absolute>"; };
		F92EE66E03DD1274677BEBB7 = {isa = PBXFileReference; lastKnownFileType = wrapper.framework; name = CoreAudio.framework; path = System/Library/Frameworks/CoreAudio.framework; sourceTree = SDKROOT; };
		888435BD5C739D0E0285A06E = {isa = PBXGroup; children = (
					DD28112E5A2D4222601A4731,
					185DD79664D46723BB90A597,
					75D591D802373D8B12F658CC,
					F478E8795405E0060721586E,
					5D63027EA4E234CEF085853E, ); name = Source; sourceTree = "<group>"; };
		FD8C895D89554350AF640F91 = {isa = PBXGroup; children = (
					C3774701F6361B598E23F75E,
					DCB78C06AB5C55E7AAF1C65F,
					AB8520A6549EF7D3610B832E,
					94B43615F02FEB230C9A37ED,
					D141160482E5C4D086287D95, ); name = Resources; sourceTree = "<group>"; };
		670FCEF14368137562DB4C54 = {isa = PBXGroup; children = (
					888435BD5C739D0E0285A06E,
					FD8C895D89554350AF640F91, ); name = Frequalizer; sourceTree = "<group>"; };
		F1D04964FF9F4DC44B6DF183 = {isa = PBXGroup; children = (
					4F59D59D14AD819F76B61C10,
					EB7DA90B4F08B6FDA6A19FA9,
					B70B84966A1C86DCC1A687A1,
					DE1D544D6BDC9E7E56337B27,
					6A01226A9B1FB96E313D8CC4,
					24ADF2C3EE8DA042F52EE33F,
					5D52E5BC3A8D1A6C218D7DBB,
					498B8250F5029091F55D57BD,
					0E96DA7F06BD9C1A8F3330C3,
					D1751D5F2A77FA25B16536D7,
					63EFA85EE4280C6616068548,
					2A6C6CCBC17F15C88261D4A2,
					F81C6922ACCF2F8675C6C6F0, ); name = "JUCE Modules"; sourceTree = "<group>"; };
		4B4E99D0289C8A608E081AF3 = {isa = PBXGroup; children = (
					E9B98C12F415E2D9FB3D7D2D,
					BBD8D94E9A4281CBB1CA621D,
					5890352CE1BB0D14E043522A,
					3BEA79528748C8DD75AD42E8,
					F5AD8BB89D924A44EB01ADA0,
					956A90C7C0FA16454D833D16,
					803E3513CB5DFFB740E91C1F,
					226D358A0BBEA3C8F52D318C,
					850CACBF23C894491D4E8A5E,
					654B026D698633DC1A8C761D,
					34C19DAC790E5CCE6BB4F4B7,
					778657F7EA3739BCDA94930A,
					BFD334D92F334A4657256040,
					1C009F0AF0F88AFDFC361952,
					268C48CD8B488F95E62F521A,
					D279AC6379DEAC9BACEA240C,
					ABEA6F218234FEFA49A197D3,
					8526A08E79BFF745E51C3C87,
					2A96F8F4DD9F4B0D0E052F0B,
					25BD02973257432DFE6A9602,
					821B6F87172BADBA8B162278,
					57E974856704DE004C839CA1, ); name = "JUCE Library Code"; sourceTree = "<group>"; };
		D70AA8274279EF135C9CA586 = {isa = PBXGroup; children = (
					99C35B843462A8A21CC0EA90,
					E996D81C2DEA7CD760D0FE65,
					BDE33F7D093656B92F86FB7B,
					557359E4D08C25D464C0EE6D, ); name = Resources; sourceTree = "<group>"; };
		84AD9B91061C7388B6DB2340 = {isa = PBXGroup; children = (
					5C839888ABA9FFBA485D63B8,
					0A6DCE8331F313B778D89BEF,
					902EA2F572CA746CA2F36131,
					7C78A2068D9246F472C87692,
					2C13F2D14521E11069EE5EDD,
					F92EE66E03DD1274677BEBB7,
					C514BA9B1A0253301BDC3E18,
					D83D685205FEB264CA6AAC2E,
					D358E6034E550FC504CEEC60,
					70FBAC57A91F3979D18E255C,
					F4C228CDF14BD84C86D61B7A,
					3EBA319BA8251EA07473E1B7, ); name = Frameworks; sourceTree = "<group>"; };
		6B508FBA31530608BE57A17B = {isa = PBXGroup; children = (
					51BB54DC918C5E7A2F765118,
					D9F03D15B1D22A7C47114EB5,
					A73284D100C35D45B05009F1, ); name = Products; sourceTree = "<group>"; };
		5F0D75DB169B72D60CAAD26E = {isa = PBXGroup; children = (
					3A48DB595C42E878F577CB2D,
					670FCEF14368137562DB4C54,
					F1D04964FF9F4DC44B6DF183,
					4B4E99D0289C8A608E081AF3,
					D70AA8274279EF135C9CA586,
					84AD9B91061C7388B6DB2340,
					6B508FBA31530608BE57A17B, ); name = Source; sourceTree = "<group>"; };
		56C32BF7621512672938A816 = {isa = XCBuildConfiguration; buildSettings = {
				MACOSX_DEPLOYMENT_TARGET = 10.11; }; name = Debug; };
		60A54ABED44EAB6B866940A0 = {isa = XCBuildConfiguration; buildSettings = {
				MACOSX_DEPLOYMENT_TARGET = 10.11; }; name = Release; };
		C804FF2E7C4B71F02765824E = {isa = XCBuildConfiguration; buildSettings = {
				CLANG_CXX_LANGUAGE_STANDARD = "c++14";
				CLANG_LINK_OBJC_RUNTIME = NO;
				COMBINE_HIDPI_IMAGES = YES;
				CONFIGURATION_BUILD_DIR = "$(PROJECT_DIR)/build/$(CONFIGURATION)";
				COPY_PHASE_STRIP = NO;
				DEPLOYMENT_LOCATION = YES;
				DSTROOT = /;
				GCC_DYNAMIC_NO_PIC = NO;
				GCC_OPTIMIZATION_LEVEL = 0;
				GCC_PREPROCESSOR_DEFINITIONS = (
					"_DEBUG=1",
					"DEBUG=1",
					"JUCER_XCODE_MAC_F6D2F4CF=1",
					"JUCE_APP_VERSION=1.0.0",
					"JUCE_APP_VERSION_HEX=0x10000",
					"JucePlugin_Build_VST=1",
					"JucePlugin_Build_VST3=0",
					"JucePlugin_Build_AU=0",
					"JucePlugin_Build_AUv3=0",
					"JucePlugin_Build_RTAS=0",
					"JucePlugin_Build_AAX=0",
					"JucePlugin_Build_Standalone=0", );
				GCC_VERSION = com.apple.compilers.llvm.clang.1_0;
				GENERATE_PKGINFO_FILE = YES;
				HEADER_SEARCH_PATHS = ("../../JuceLibraryCode", "~/Developer/JUCE5/modules", "~/Developer/JUCE5/modules/juce_audio_plugin_client", "$(inherited)");
				INFOPLIST_FILE = Info-VST.plist;
				INFOPLIST_PREPROCESS = NO;
				INSTALL_PATH = "$(HOME)/Library/Audio/Plug-Ins/VST/";
				LIBRARY_STYLE = Bundle;
				MACOSX_DEPLOYMENT_TARGET = 10.11;
				MACOSX_DEPLOYMENT_TARGET_ppc = 10.4;
				OTHER_LDFLAGS = "-bundle -lFrequalizer";
				PRODUCT_BUNDLE_IDENTIFIER = com.foleysfinest.frequalizer;
				SDKROOT_ppc = macosx10.5;
				USE_HEADERMAP = NO;
				WRAPPER_EXTENSION = vst; }; name = Debug; };
		2FDCD7E3139C3CB9B287B35A = {isa = XCBuildConfiguration; buildSettings = {
				CLANG_CXX_LANGUAGE_STANDARD = "c++14";
				CLANG_LINK_OBJC_RUNTIME = NO;
				COMBINE_HIDPI_IMAGES = YES;
				CONFIGURATION_BUILD_DIR = "$(PROJECT_DIR)/build/$(CONFIGURATION)";
				DEAD_CODE_STRIPPING = YES;
				DEPLOYMENT_LOCATION = YES;
				DSTROOT = /;
				GCC_GENERATE_DEBUGGING_SYMBOLS = NO;
				GCC_OPTIMIZATION_LEVEL = 3;
				GCC_PREPROCESSOR_DEFINITIONS = (
					"_NDEBUG=1",
					"NDEBUG=1",
					"JUCER_XCODE_MAC_F6D2F4CF=1",
					"JUCE_APP_VERSION=1.0.0",
					"JUCE_APP_VERSION_HEX=0x10000",
					"JucePlugin_Build_VST=1",
					"JucePlugin_Build_VST3=0",
					"JucePlugin_Build_AU=0",
					"JucePlugin_Build_AUv3=0",
					"JucePlugin_Build_RTAS=0",
					"JucePlugin_Build_AAX=0",
					"JucePlugin_Build_Standalone=0", );
				GCC_SYMBOLS_PRIVATE_EXTERN = YES;
				GCC_VERSION = com.apple.compilers.llvm.clang.1_0;
				GENERATE_PKGINFO_FILE = YES;
				HEADER_SEARCH_PATHS = ("../../JuceLibraryCode", "~/Developer/JUCE5/modules", "~/Developer/JUCE5/modules/juce_audio_plugin_client", "$(inherited)");
				INFOPLIST_FILE = Info-VST.plist;
				INFOPLIST_PREPROCESS = NO;
				INSTALL_PATH = "$(HOME)/Library/Audio/Plug-Ins/VST/";
				LIBRARY_STYLE = Bundle;
				LLVM_LTO = YES;
				MACOSX_DEPLOYMENT_TARGET = 10.11;
				MACOSX_DEPLOYMENT_TARGET_ppc = 10.4;
				OTHER_LDFLAGS = "-bundle -lFrequalizer";
				PRODUCT_BUNDLE_IDENTIFIER = com.foleysfinest.frequalizer;
				SDKROOT_ppc = macosx10.5;
				USE_HEADERMAP = NO;
				WRAPPER_EXTENSION = vst; }; name = Release; };
		98953B61F58153DB218FE7BE = {isa = XCBuildConfiguration; buildSettings = {
				CLANG_CXX_LANGUAGE_STANDARD = "c++14";
				CLANG_LINK_OBJC_RUNTIME = NO;
				COMBINE_HIDPI_IMAGES = YES;
				CONFIGURATION_BUILD_DIR = "$(PROJECT_DIR)/build/$(CONFIGURATION)";
				COPY_PHASE_STRIP = NO;
				DEPLOYMENT_LOCATION = YES;
				DSTROOT = /;
				GCC_DYNAMIC_NO_PIC = NO;
				GCC_OPTIMIZATION_LEVEL = 0;
				GCC_PREPROCESSOR_DEFINITIONS = (
					"_DEBUG=1",
					"DEBUG=1",
					"JUCER_XCODE_MAC_F6D2F4CF=1",
					"JUCE_APP_VERSION=1.0.0",
					"JUCE_APP_VERSION_HEX=0x10000",
					"JucePlugin_Build_VST=0",
					"JucePlugin_Build_VST3=0",
					"JucePlugin_Build_AU=1",
					"JucePlugin_Build_AUv3=0",
					"JucePlugin_Build_RTAS=0",
					"JucePlugin_Build_AAX=0",
					"JucePlugin_Build_Standalone=0", );
				GCC_VERSION = com.apple.compilers.llvm.clang.1_0;
				GENERATE_PKGINFO_FILE = YES;
				HEADER_SEARCH_PATHS = ("../../JuceLibraryCode", "~/Developer/JUCE5/modules", "~/Developer/JUCE5/modules/juce_audio_plugin_client", "$(inherited)");
				INFOPLIST_FILE = Info-AU.plist;
				INFOPLIST_PREPROCESS = NO;
				INSTALL_PATH = "$(HOME)/Library/Audio/Plug-Ins/Components/";
				LIBRARY_STYLE = Bundle;
				MACOSX_DEPLOYMENT_TARGET = 10.11;
				MACOSX_DEPLOYMENT_TARGET_ppc = 10.4;
				OTHER_LDFLAGS = "-bundle -lFrequalizer";
				OTHER_REZFLAGS = "-d ppc_$ppc -d i386_$i386 -d ppc64_$ppc64 -d x86_64_$x86_64 -I /System/Library/Frameworks/CoreServices.framework/Frameworks/CarbonCore.framework/Versions/A/Headers -I \"$(DEVELOPER_DIR)/Extras/CoreAudio/AudioUnits/AUPublic/AUBase\"";
				PRODUCT_BUNDLE_IDENTIFIER = com.foleysfinest.frequalizer;
				SDKROOT_ppc = macosx10.5;
				USE_HEADERMAP = NO;
				WRAPPER_EXTENSION = component; }; name = Debug; };
		BF054ECC337A154EC935A554 = {isa = XCBuildConfiguration; buildSettings = {
				CLANG_CXX_LANGUAGE_STANDARD = "c++14";
				CLANG_LINK_OBJC_RUNTIME = NO;
				COMBINE_HIDPI_IMAGES = YES;
				CONFIGURATION_BUILD_DIR = "$(PROJECT_DIR)/build/$(CONFIGURATION)";
				DEAD_CODE_STRIPPING = YES;
				DEPLOYMENT_LOCATION = YES;
				DSTROOT = /;
				GCC_GENERATE_DEBUGGING_SYMBOLS = NO;
				GCC_OPTIMIZATION_LEVEL = 3;
				GCC_PREPROCESSOR_DEFINITIONS = (
					"_NDEBUG=1",
					"NDEBUG=1",
					"JUCER_XCODE_MAC_F6D2F4CF=1",
					"JUCE_APP_VERSION=1.0.0",
					"JUCE_APP_VERSION_HEX=0x10000",
					"JucePlugin_Build_VST=0",
					"JucePlugin_Build_VST3=0",
					"JucePlugin_Build_AU=1",
					"JucePlugin_Build_AUv3=0",
					"JucePlugin_Build_RTAS=0",
					"JucePlugin_Build_AAX=0",
					"JucePlugin_Build_Standalone=0", );
				GCC_SYMBOLS_PRIVATE_EXTERN = YES;
				GCC_VERSION = com.apple.compilers.llvm.clang.1_0;
				GENERATE_PKGINFO_FILE = YES;
				HEADER_SEARCH_PATHS = ("../../JuceLibraryCode", "~/Developer/JUCE5/modules", "~/Developer/JUCE5/modules/juce_audio_plugin_client", "$(inherited)");
				INFOPLIST_FILE = Info-AU.plist;
				INFOPLIST_PREPROCESS = NO;
				INSTALL_PATH = "$(HOME)/Library/Audio/Plug-Ins/Components/";
				LIBRARY_STYLE = Bundle;
				LLVM_LTO = YES;
				MACOSX_DEPLOYMENT_TARGET = 10.11;
				MACOSX_DEPLOYMENT_TARGET_ppc = 10.4;
				OTHER_LDFLAGS = "-bundle -lFrequalizer";
				OTHER_REZFLAGS = "-d ppc_$ppc -d i386_$i386 -d ppc64_$ppc64 -d x86_64_$x86_64 -I /System/Library/Frameworks/CoreServices.framework/Frameworks/CarbonCore.framework/Versions/A/Headers -I \"$(DEVELOPER_DIR)/Extras/CoreAudio/AudioUnits/AUPublic/AUBase\"";
				PRODUCT_BUNDLE_IDENTIFIER = com.foleysfinest.frequalizer;
				SDKROOT_ppc = macosx10.5;
				USE_HEADERMAP = NO;
				WRAPPER_EXTENSION = component; }; name = Release; };
		8E60A1DDC7DD78720F5C0016 = {isa = XCBuildConfiguration; buildSettings = {
				CLANG_CXX_LANGUAGE_STANDARD = "c++14";
				CLANG_LINK_OBJC_RUNTIME = NO;
				COMBINE_HIDPI_IMAGES = YES;
				CONFIGURATION_BUILD_DIR = "$(PROJECT_DIR)/build/$(CONFIGURATION)";
				COPY_PHASE_STRIP = NO;
				GCC_DYNAMIC_NO_PIC = NO;
				GCC_OPTIMIZATION_LEVEL = 0;
				GCC_PREPROCESSOR_DEFINITIONS = (
					"_DEBUG=1",
					"DEBUG=1",
					"JUCER_XCODE_MAC_F6D2F4CF=1",
					"JUCE_APP_VERSION=1.0.0",
					"JUCE_APP_VERSION_HEX=0x10000",
					"JucePlugin_Build_VST=1",
					"JucePlugin_Build_VST3=0",
					"JucePlugin_Build_AU=1",
					"JucePlugin_Build_AUv3=0",
					"JucePlugin_Build_RTAS=0",
					"JucePlugin_Build_AAX=0",
					"JucePlugin_Build_Standalone=0",
					"JUCE_SHARED_CODE=1", );
				GCC_VERSION = com.apple.compilers.llvm.clang.1_0;
				HEADER_SEARCH_PATHS = ("../../JuceLibraryCode", "~/Developer/JUCE5/modules", "~/Developer/JUCE5/modules/juce_audio_plugin_client", "$(inherited)");
				INSTALL_PATH = "@executable_path/../Frameworks";
				MACOSX_DEPLOYMENT_TARGET = 10.11;
				MACOSX_DEPLOYMENT_TARGET_ppc = 10.4;
				PRODUCT_BUNDLE_IDENTIFIER = com.foleysfinest.frequalizer;
				SDKROOT_ppc = macosx10.5;
				USE_HEADERMAP = NO; }; name = Debug; };
		DD90B70FFB9808B31602C20D = {isa = XCBuildConfiguration; buildSettings = {
				CLANG_CXX_LANGUAGE_STANDARD = "c++14";
				CLANG_LINK_OBJC_RUNTIME = NO;
				COMBINE_HIDPI_IMAGES = YES;
				CONFIGURATION_BUILD_DIR = "$(PROJECT_DIR)/build/$(CONFIGURATION)";
				DEAD_CODE_STRIPPING = YES;
				GCC_GENERATE_DEBUGGING_SYMBOLS = NO;
				GCC_OPTIMIZATION_LEVEL = 3;
				GCC_PREPROCESSOR_DEFINITIONS = (
					"_NDEBUG=1",
					"NDEBUG=1",
					"JUCER_XCODE_MAC_F6D2F4CF=1",
					"JUCE_APP_VERSION=1.0.0",
					"JUCE_APP_VERSION_HEX=0x10000",
					"JucePlugin_Build_VST=1",
					"JucePlugin_Build_VST3=0",
					"JucePlugin_Build_AU=1",
					"JucePlugin_Build_AUv3=0",
					"JucePlugin_Build_RTAS=0",
					"JucePlugin_Build_AAX=0",
					"JucePlugin_Build_Standalone=0",
					"JUCE_SHARED_CODE=1", );
				GCC_SYMBOLS_PRIVATE_EXTERN = YES;
				GCC_VERSION = com.apple.compilers.llvm.clang.1_0;
				HEADER_SEARCH_PATHS = ("../../JuceLibraryCode", "~/Developer/JUCE5/modules", "~/Developer/JUCE5/modules/juce_audio_plugin_client", "$(inherited)");
				INSTALL_PATH = "@executable_path/../Frameworks";
				LLVM_LTO = YES;
				MACOSX_DEPLOYMENT_TARGET = 10.11;
				MACOSX_DEPLOYMENT_TARGET_ppc = 10.4;
				PRODUCT_BUNDLE_IDENTIFIER = com.foleysfinest.frequalizer;
				SDKROOT_ppc = macosx10.5;
				USE_HEADERMAP = NO; }; name = Release; };
		174BD01D0C024010E3958446 = {isa = XCBuildConfiguration; buildSettings = {
				ALWAYS_SEARCH_USER_PATHS = NO;
				CLANG_WARN_BLOCK_CAPTURE_AUTORELEASING = YES;
				CLANG_WARN_BOOL_CONVERSION = YES;
				CLANG_WARN_COMMA = YES;
				CLANG_WARN_CONSTANT_CONVERSION = YES;
				CLANG_WARN_EMPTY_BODY = YES;
				CLANG_WARN_ENUM_CONVERSION = YES;
				CLANG_WARN_INFINITE_RECURSION = YES;
				CLANG_WARN_INT_CONVERSION = YES;
				CLANG_WARN_NON_LITERAL_NULL_CONVERSION = YES;
				CLANG_WARN_OBJC_LITERAL_CONVERSION = YES;
				CLANG_WARN_RANGE_LOOP_ANALYSIS = YES;
				CLANG_WARN_STRICT_PROTOTYPES = YES;
				CLANG_WARN_SUSPICIOUS_MOVE = YES;
				CLANG_WARN_UNREACHABLE_CODE = YES;
				CLANG_WARN__DUPLICATE_METHOD_MATCH = YES;
				DEBUG_INFORMATION_FORMAT = "dwarf";
				ENABLE_STRICT_OBJC_MSGSEND = YES;
				ENABLE_TESTABILITY = YES;
				GCC_C_LANGUAGE_STANDARD = c11;
				GCC_INLINES_ARE_PRIVATE_EXTERN = YES;
				GCC_MODEL_TUNING = G5;
				GCC_NO_COMMON_BLOCKS = YES;
				GCC_WARN_64_TO_32_BIT_CONVERSION = YES;
				GCC_WARN_ABOUT_RETURN_TYPE = YES;
				GCC_WARN_CHECK_SWITCH_STATEMENTS = YES;
				GCC_WARN_MISSING_PARENTHESES = YES;
				GCC_WARN_NON_VIRTUAL_DESTRUCTOR = YES;
				GCC_WARN_TYPECHECK_CALLS_TO_PRINTF = YES;
				GCC_WARN_UNDECLARED_SELECTOR = YES;
				GCC_WARN_UNINITIALIZED_AUTOS = YES;
				GCC_WARN_UNUSED_FUNCTION = YES;
				GCC_WARN_UNUSED_VARIABLE = YES;
				ONLY_ACTIVE_ARCH = YES;
				PRODUCT_NAME = "Frequalizer";
				WARNING_CFLAGS = -Wreorder;
				ZERO_LINK = NO; }; name = Debug; };
		0120AB16B56C1CDC4CB417B3 = {isa = XCBuildConfiguration; buildSettings = {
				ALWAYS_SEARCH_USER_PATHS = NO;
				CLANG_WARN_BLOCK_CAPTURE_AUTORELEASING = YES;
				CLANG_WARN_BOOL_CONVERSION = YES;
				CLANG_WARN_COMMA = YES;
				CLANG_WARN_CONSTANT_CONVERSION = YES;
				CLANG_WARN_EMPTY_BODY = YES;
				CLANG_WARN_ENUM_CONVERSION = YES;
				CLANG_WARN_INFINITE_RECURSION = YES;
				CLANG_WARN_INT_CONVERSION = YES;
				CLANG_WARN_NON_LITERAL_NULL_CONVERSION = YES;
				CLANG_WARN_OBJC_LITERAL_CONVERSION = YES;
				CLANG_WARN_RANGE_LOOP_ANALYSIS = YES;
				CLANG_WARN_STRICT_PROTOTYPES = YES;
				CLANG_WARN_SUSPICIOUS_MOVE = YES;
				CLANG_WARN_UNREACHABLE_CODE = YES;
				CLANG_WARN__DUPLICATE_METHOD_MATCH = YES;
				DEBUG_INFORMATION_FORMAT = "dwarf";
				ENABLE_STRICT_OBJC_MSGSEND = YES;
				GCC_C_LANGUAGE_STANDARD = c11;
				GCC_INLINES_ARE_PRIVATE_EXTERN = YES;
				GCC_MODEL_TUNING = G5;
				GCC_NO_COMMON_BLOCKS = YES;
				GCC_WARN_64_TO_32_BIT_CONVERSION = YES;
				GCC_WARN_ABOUT_RETURN_TYPE = YES;
				GCC_WARN_CHECK_SWITCH_STATEMENTS = YES;
				GCC_WARN_MISSING_PARENTHESES = YES;
				GCC_WARN_NON_VIRTUAL_DESTRUCTOR = YES;
				GCC_WARN_TYPECHECK_CALLS_TO_PRINTF = YES;
				GCC_WARN_UNDECLARED_SELECTOR = YES;
				GCC_WARN_UNINITIALIZED_AUTOS = YES;
				GCC_WARN_UNUSED_FUNCTION = YES;
				GCC_WARN_UNUSED_VARIABLE = YES;
				PRODUCT_NAME = "Frequalizer";
				WARNING_CFLAGS = -Wreorder;
				ZERO_LINK = NO; }; name = Release; };
		E78C519A886031F3A6435DE5 = {isa = PBXTargetDependency; target = FB695ACA2B93791339D8ECE8; };
		4732C145A04D247828C10808 = {isa = PBXTargetDependency; target = 3589A90CBADEC888DA3C0564; };
		FDFAB27F2AA23B93F48D7408 = {isa = PBXTargetDependency; target = 12F4BCC9582D50454F1CAE38; };
		54B228FE998CB1A6275DE617 = {isa = XCConfigurationList; buildConfigurations = (
					174BD01D0C024010E3958446,
					0120AB16B56C1CDC4CB417B3, ); defaultConfigurationIsVisible = 0; defaultConfigurationName = Debug; };
		85B0962C58ACCD7783FF9184 = {isa = XCConfigurationList; buildConfigurations = (
					56C32BF7621512672938A816,
					60A54ABED44EAB6B866940A0, ); defaultConfigurationIsVisible = 0; defaultConfigurationName = Debug; };
		BFF4599BEEAF9A54E1F99EB8 = {isa = PBXAggregateTarget; buildConfigurationList = 85B0962C58ACCD7783FF9184; buildPhases = (  ); buildRules = ( ); dependencies = (
					E78C519A886031F3A6435DE5,
					4732C145A04D247828C10808,
					FDFAB27F2AA23B93F48D7408, ); name = "Frequalizer - All"; productName = Frequalizer; };
		59DA87714726E0FDD0180EEA = {isa = XCConfigurationList; buildConfigurations = (
					C804FF2E7C4B71F02765824E,
					2FDCD7E3139C3CB9B287B35A, ); defaultConfigurationIsVisible = 0; defaultConfigurationName = Debug; };
		DC71305DB1B32791C38A4AD8 = {isa = PBXResourcesBuildPhase; buildActionMask = 2147483647; files = (
					B4E9B8AE7C0C51337AA15F0A,
					FD7ED22B76F3B2E190C8BF66, ); runOnlyForDeploymentPostprocessing = 0; };
		0B0D649DCBEAC7DC137532BF = {isa = PBXSourcesBuildPhase; buildActionMask = 2147483647; files = (
					7D31A820AFC5AE3FD5CBB7C5, ); runOnlyForDeploymentPostprocessing = 0; };
		A3C9C42BF95221FBA3BBA7E2 = {isa = PBXFrameworksBuildPhase; buildActionMask = 2147483647; files = (
					38E61B72ECC2DA3973878A01,
					D7E10A0B5AA0295091160EA0,
					CB38A0CE5C030BB437B89082,
					26F40E9EDC5DA177FF081C44,
					6B54839AD625C7981D5A7660,
					E269C7D1DCABC3E041624F39,
					79ED7B7465E23E272122EF9E,
					529F9291EC0B35CB6D717CEE,
					B269BA3128691FDDE3373BF0,
					320943E04B02DC44CE354BC6, ); runOnlyForDeploymentPostprocessing = 0; };
		FB695ACA2B93791339D8ECE8 = {isa = PBXNativeTarget; buildConfigurationList = 59DA87714726E0FDD0180EEA; buildPhases = (
					DC71305DB1B32791C38A4AD8,
					0B0D649DCBEAC7DC137532BF,
					A3C9C42BF95221FBA3BBA7E2, ); buildRules = ( ); dependencies = (
					FDFAB27F2AA23B93F48D7408, ); name = "Frequalizer - VST"; productName = Frequalizer; productReference = 51BB54DC918C5E7A2F765118; productType = "com.apple.product-type.bundle"; };
		B9F19FA6368A811EBF9A5C11 = {isa = XCConfigurationList; buildConfigurations = (
					98953B61F58153DB218FE7BE,
					BF054ECC337A154EC935A554, ); defaultConfigurationIsVisible = 0; defaultConfigurationName = Debug; };
		DCA0724B7B59DDECAC67AF72 = {isa = PBXResourcesBuildPhase; buildActionMask = 2147483647; files = (
					B4E9B8AE7C0C51337AA15F0A,
					FD7ED22B76F3B2E190C8BF66, ); runOnlyForDeploymentPostprocessing = 0; };
		FEC0B84BCBE9540BEA7C007B = {isa = PBXRezBuildPhase; buildActionMask = 2147483647; files = (
					D4A649FCD87E923FD1BCE80C, ); runOnlyForDeploymentPostprocessing = 0; };
		0F76B244C3F4390F32438ADA = {isa = PBXSourcesBuildPhase; buildActionMask = 2147483647; files = (
					465AF57D098B0EFF2C110307,
					922546C7A742862F9A36808B, ); runOnlyForDeploymentPostprocessing = 0; };
		8C23517F1F0A264401DFD766 = {isa = PBXFrameworksBuildPhase; buildActionMask = 2147483647; files = (
					38E61B72ECC2DA3973878A01,
					D7E10A0B5AA0295091160EA0,
					4EAA615AB9F267AECAE1B64B,
					CB38A0CE5C030BB437B89082,
					26F40E9EDC5DA177FF081C44,
					6B54839AD625C7981D5A7660,
					1A4428B7708435F41B7DB3F0,
					E269C7D1DCABC3E041624F39,
					79ED7B7465E23E272122EF9E,
					529F9291EC0B35CB6D717CEE,
					B269BA3128691FDDE3373BF0,
					320943E04B02DC44CE354BC6, ); runOnlyForDeploymentPostprocessing = 0; };
		3589A90CBADEC888DA3C0564 = {isa = PBXNativeTarget; buildConfigurationList = B9F19FA6368A811EBF9A5C11; buildPhases = (
					DCA0724B7B59DDECAC67AF72,
					FEC0B84BCBE9540BEA7C007B,
					0F76B244C3F4390F32438ADA,
					8C23517F1F0A264401DFD766, ); buildRules = ( ); dependencies = (
					FDFAB27F2AA23B93F48D7408, ); name = "Frequalizer - AU"; productName = Frequalizer; productReference = D9F03D15B1D22A7C47114EB5; productType = "com.apple.product-type.bundle"; };
		E9B768B58DE50ECB2F89707A = {isa = XCConfigurationList; buildConfigurations = (
					8E60A1DDC7DD78720F5C0016,
					DD90B70FFB9808B31602C20D, ); defaultConfigurationIsVisible = 0; defaultConfigurationName = Debug; };
		C34EB810350F8E25DFA3C4AF = {isa = PBXSourcesBuildPhase; buildActionMask = 2147483647; files = (
					61CF347F2E2DD3742C331603,
					7F83A01A8C66A1B208377383,
					034F3180DE88D0C0045DA99F,
					5684448DB49E1A897FD288B7,
					3541CAC7F7C81B0BFB66DA19,
					9F7F490D0F8C2A1A960E2FFE,
					53697CB20F75D859C90818C7,
					245968CF77BBBFE1B6FFC51F,
					EC985457614F8B1378892D1A,
					16B82F2953C214669D7E0873,
					B21EA178F6B8C08BAC9CDB1C,
					D09DD7C525B6C12D531E4355,
					D439154ADDBC89179472BF01,
					DF4C21215732945346894BA5,
					8BE4B31C027B3D11B2922AD8,
					DFEA0A250F04EB55E88BBF59,
					AD17BDE9C58CAFDEB888DB38, ); runOnlyForDeploymentPostprocessing = 0; };
		12F4BCC9582D50454F1CAE38 = {isa = PBXNativeTarget; buildConfigurationList = E9B768B58DE50ECB2F89707A; buildPhases = (
					C34EB810350F8E25DFA3C4AF, ); buildRules = ( ); dependencies = (  ); name = "Frequalizer - Shared Code"; productName = Frequalizer; productReference = A73284D100C35D45B05009F1; productType = "com.apple.product-type.library.static"; };
		A4FA99C0B70F04DBD7982067 = {isa = PBXProject; buildConfigurationList = 54B228FE998CB1A6275DE617; attributes = { LastUpgradeCheck = 0830; ORGANIZATIONNAME = "Foleys Finest Audio"; TargetAttributes = { BFF4599BEEAF9A54E1F99EB8 = { SystemCapabilities = {com.apple.ApplicationGroups.iOS = { enabled = 0; }; com.apple.InAppPurchase = { enabled = 0; }; com.apple.InterAppAudio = { enabled = 0; }; com.apple.Push = { enabled = 0; }; com.apple.Sandbox = { enabled = 0; }; }; };FB695ACA2B93791339D8ECE8 = { SystemCapabilities = {com.apple.ApplicationGroups.iOS = { enabled = 0; }; com.apple.InAppPurchase = { enabled = 0; }; com.apple.InterAppAudio = { enabled = 0; }; com.apple.Push = { enabled = 0; }; com.apple.Sandbox = { enabled = 0; }; }; };3589A90CBADEC888DA3C0564 = { SystemCapabilities = {com.apple.ApplicationGroups.iOS = { enabled = 0; }; com.apple.InAppPurchase = { enabled = 0; }; com.apple.InterAppAudio = { enabled = 0; }; com.apple.Push = { enabled = 0; }; com.apple.Sandbox = { enabled = 0; }; }; };12F4BCC9582D50454F1CAE38 = { SystemCapabilities = {com.apple.ApplicationGroups.iOS = { enabled = 0; }; com.apple.InAppPurchase = { enabled = 0; }; com.apple.InterAppAudio = { enabled = 0; }; com.apple.Push = { enabled = 0; }; com.apple.Sandbox = { enabled = 0; }; }; }; }; }; compatibilityVersion = "Xcode 3.2"; hasScannedForEncodings = 0; mainGroup = 5F0D75DB169B72D60CAAD26E; projectDirPath = ""; projectRoot = ""; targets = (BFF4599BEEAF9A54E1F99EB8, FB695ACA2B93791339D8ECE8, 3589A90CBADEC888DA3C0564, 12F4BCC9582D50454F1CAE38); };
	};
	rootObject = A4FA99C0B70F04DBD7982067;
}
