// !$*UTF8*$!
{
	archiveVersion = 1;
	classes = {
	};
	objectVersion = 46;
	objects = {

		8563090DF81892762D0D345F = {isa = PBXBuildFile; fileRef = 8195E3FE14D982052F05DE8E; };
		7BE7A0A05F0A27E393277564 = {isa = PBXBuildFile; fileRef = EBEDE61092693B06963DA3E2; };
		B17F419E5A8580C1001F34F7 = {isa = PBXBuildFile; fileRef = 5E731D75CE4175D8DBF94704; };
		6053922A7FF3294FA7625F80 = {isa = PBXBuildFile; fileRef = 19F7014BF49627793D3477D7; };
		B12E775DD08C1EAB78BE4E0D = {isa = PBXBuildFile; fileRef = A37F6AEBAB1906EC4C5ED4CE; };
		17090BEB5BFDE7622C2F7D65 = {isa = PBXBuildFile; fileRef = 402504A5814D47740CF74A3D; };
		9C28FF27944A536C9BBC77E3 = {isa = PBXBuildFile; fileRef = F34096F6FDEF9B9AA58F0F98; };
		DC2DF61FC423A648A3F0D70D = {isa = PBXBuildFile; fileRef = 0C8DFFD767EA374DD0FB6947; };
		A2EC13E507EBF421956C0C41 = {isa = PBXBuildFile; fileRef = C743B23796F961E3FA827F8A; };
		7BA23425229A80A990405C00 = {isa = PBXBuildFile; fileRef = 3F16B3653F48BB7C161E19A8; };
		9CA99423868BC48E666B7C12 = {isa = PBXBuildFile; fileRef = 9EF894CDA42133F4C44034FD; };
		DE0DD6B8EAE4D74A726EC4C9 = {isa = PBXBuildFile; fileRef = 0202510E5F3907DD16455410; };
		CDC4CB6F701878D3864F1FA5 = {isa = PBXBuildFile; fileRef = 2465C79FEE998807A3D02878; };
		3E4A088281B7A0D1974D0B2F = {isa = PBXBuildFile; fileRef = 86B4D1ABAB70DBD25863A61F; };
		729B5B4B8CEA44A7FE848771 = {isa = PBXBuildFile; fileRef = 6057DF3CDC58EF71636394EE; };
		8DDD39068679842348BC1B6C = {isa = PBXBuildFile; fileRef = 059DEFB5BBDD1F7711CAE168; };
		BB48D6D574F4EAE67AFA9476 = {isa = PBXBuildFile; fileRef = 3DE1FD60BAF9A79D5FB6E547; };
		68AD511BF675B0DEF3AC39FF = {isa = PBXBuildFile; fileRef = 28EFBC8CE887CBA84FB0F385; };
		1A13B35A763F83472171799E = {isa = PBXBuildFile; fileRef = C0B2AE525C089FC50144F026; };
		A204CCC09A4390A7E41CB20B = {isa = PBXBuildFile; fileRef = DC05A787520B5E56B4E79814; };
		31F2A3A1A9C5C6E8DC64807E = {isa = PBXBuildFile; fileRef = 426DFC03A583DDFCDAA1FD1F; };
		641D0B4EF0F3C6F8A776D4F1 = {isa = PBXBuildFile; fileRef = BD38A79005E40807FFD8C9EE; };
		76795800705C6A5D5A792488 = {isa = PBXBuildFile; fileRef = 7B00615D8783BBDE173756C6; };
		E9547AC5B01069599A237658 = {isa = PBXBuildFile; fileRef = 60A85863D69F22E317087150; };
		9EEE8DCA34BCE29279183008 = {isa = PBXBuildFile; fileRef = 60000D035CCFC2BE4E21F7BE; };
		8C1DB61D6B82576BD78FC3BF = {isa = PBXBuildFile; fileRef = 6654F7657EB0CFBF8A082A12; };
		38EEDAC4502B11E9EA0C4E66 = {isa = PBXBuildFile; fileRef = C7571CA72F974477A3C7BD12; };
		968E0CDDC8434DC6C2EC47A2 = {isa = PBXBuildFile; fileRef = 7EE5A0B068A3536424962C7E; };
		D4B992826AB936B234FBDB93 = {isa = PBXBuildFile; fileRef = 1E1A4BF626AEA83F8C8790A7; };
		2C78F92B121A252E24BE76D3 = {isa = PBXBuildFile; fileRef = DBE08FC209AF43FB10F6E996; };
		1DAB94BD50F83132CAF1EAC1 = {isa = PBXBuildFile; fileRef = 448F7A9B778F968BBA933BDA; };
		1218C4C873ECC505F2B01F51 = {isa = PBXBuildFile; fileRef = E22E3161EF95D637F3D08D55; };
		DBE8AE68FA30C865410BEEAC = {isa = PBXBuildFile; fileRef = 3F9478C2A5F2D08E2CCDBDA6; };
		3AB2ECD86BEE578A4F9C2864 = {isa = PBXBuildFile; fileRef = A6A3494F7F4E0504679E84A4; };
		C50DE8C88356A7FDFFAF537B = {isa = PBXBuildFile; fileRef = 799B7D6BEF7588235D017B89; };
		1F0BAAD36DE4AC8E383C75FD = {isa = PBXBuildFile; fileRef = 8F60B954A8333E1000BD4B21; };
		7273047C695F7D4A98B9B663 = {isa = PBXBuildFile; fileRef = F1159EE8BFE9DF1973C3B7DA; };
		7EF78F7189DEE555E029BBA1 = {isa = PBXBuildFile; fileRef = 5C2B2AD1227BD4688A52ABEE; };
		0202510E5F3907DD16455410 = {isa = PBXFileReference; lastKnownFileType = wrapper.framework; name = IOKit.framework; path = System/Library/Frameworks/IOKit.framework; sourceTree = SDKROOT; };
		059DEFB5BBDD1F7711CAE168 = {isa = PBXFileReference; lastKnownFileType = file.nib; name = RecentFilesMenuTemplate.nib; path = RecentFilesMenuTemplate.nib; sourceTree = "SOURCE_ROOT"; };
		0803E7578E190B45C6A02F6B = {isa = PBXFileReference; lastKnownFileType = file; name = "juce_core"; path = "~/Developer/JUCE5/modules/juce_core"; sourceTree = "<absolute>"; };
		0C8DFFD767EA374DD0FB6947 = {isa = PBXFileReference; lastKnownFileType = wrapper.framework; name = Cocoa.framework; path = System/Library/Frameworks/Cocoa.framework; sourceTree = SDKROOT; };
		15E526A78D3720D232239C9D = {isa = PBXFileReference; lastKnownFileType = file; name = "juce_dsp"; path = "~/Developer/JUCE5/modules/juce_dsp"; sourceTree = "<absolute>"; };
		182E8BC15F7214E254340C1E = {isa = PBXFileReference; lastKnownFileType = sourcecode.c.h; name = BinaryData.h; path = ../../JuceLibraryCode/BinaryData.h; sourceTree = "SOURCE_ROOT"; };
		19F7014BF49627793D3477D7 = {isa = PBXFileReference; lastKnownFileType = wrapper.framework; name = Accelerate.framework; path = System/Library/Frameworks/Accelerate.framework; sourceTree = SDKROOT; };
		1C0532578E1AE64D255254B4 = {isa = PBXFileReference; lastKnownFileType = sourcecode.c.h; name = JuceHeader.h; path = ../../JuceLibraryCode/JuceHeader.h; sourceTree = "SOURCE_ROOT"; };
		1E1A4BF626AEA83F8C8790A7 = {isa = PBXFileReference; lastKnownFileType = sourcecode.cpp.objcpp; name = "include_juce_audio_processors.mm"; path = "../../JuceLibraryCode/include_juce_audio_processors.mm"; sourceTree = "SOURCE_ROOT"; };
		225C165DC18D414A08A591FF = {isa = PBXFileReference; lastKnownFileType = text.plist.xml; name = Frequalizer.entitlements; path = Frequalizer.entitlements; sourceTree = "SOURCE_ROOT"; };
		2465C79FEE998807A3D02878 = {isa = PBXFileReference; lastKnownFileType = wrapper.framework; name = OpenGL.framework; path = System/Library/Frameworks/OpenGL.framework; sourceTree = SDKROOT; };
		28EFBC8CE887CBA84FB0F385 = {isa = PBXFileReference; lastKnownFileType = sourcecode.cpp.cpp; name = FrequalizerProcessor.cpp; path = ../../Source/FrequalizerProcessor.cpp; sourceTree = "SOURCE_ROOT"; };
		2B750075748B8513FB058F12 = {isa = PBXFileReference; lastKnownFileType = file; name = "juce_data_structures"; path = "~/Developer/JUCE5/modules/juce_data_structures"; sourceTree = "<absolute>"; };
		3D23DC295A85918CE131096D = {isa = PBXFileReference; lastKnownFileType = text.plist.xml; name = "Info-AU.plist"; path = "Info-AU.plist"; sourceTree = "SOURCE_ROOT"; };
		3DE1FD60BAF9A79D5FB6E547 = {isa = PBXFileReference; lastKnownFileType = file.icns; name = Icon.icns; path = Icon.icns; sourceTree = "SOURCE_ROOT"; };
		3F16B3653F48BB7C161E19A8 = {isa = PBXFileReference; lastKnownFileType = wrapper.framework; name = CoreAudioKit.framework; path = System/Library/Frameworks/CoreAudioKit.framework; sourceTree = SDKROOT; };
		3F9478C2A5F2D08E2CCDBDA6 = {isa = PBXFileReference; lastKnownFileType = sourcecode.cpp.objcpp; name = "include_juce_dsp.mm"; path = "../../JuceLibraryCode/include_juce_dsp.mm"; sourceTree = "SOURCE_ROOT"; };
		402504A5814D47740CF74A3D = {isa = PBXFileReference; lastKnownFileType = wrapper.framework; name = AudioUnit.framework; path = System/Library/Frameworks/AudioUnit.framework; sourceTree = SDKROOT; };
		4267267A04A0D27C54FFBC2B = {isa = PBXFileReference; lastKnownFileType = file; name = "juce_gui_extra"; path = "~/Developer/JUCE5/modules/juce_gui_extra"; sourceTree = "<absolute>"; };
		426DFC03A583DDFCDAA1FD1F = {isa = PBXFileReference; lastKnownFileType = sourcecode.cpp.objcpp; name = "include_juce_audio_basics.mm"; path = "../../JuceLibraryCode/include_juce_audio_basics.mm"; sourceTree = "SOURCE_ROOT"; };
		448F7A9B778F968BBA933BDA = {isa = PBXFileReference; lastKnownFileType = sourcecode.cpp.objcpp; name = "include_juce_cryptography.mm"; path = "../../JuceLibraryCode/include_juce_cryptography.mm"; sourceTree = "SOURCE_ROOT"; };
		557C69A3DC3BB102058E04ED = {isa = PBXFileReference; lastKnownFileType = file; name = "juce_opengl"; path = "~/Developer/JUCE5/modules/juce_opengl"; sourceTree = "<absolute>"; };
		58849526B9B15D9CAA0AA146 = {isa = PBXFileReference; lastKnownFileType = file; name = "juce_gui_basics"; path = "~/Developer/JUCE5/modules/juce_gui_basics"; sourceTree = "<absolute>"; };
		5C2B2AD1227BD4688A52ABEE = {isa = PBXFileReference; lastKnownFileType = sourcecode.cpp.objcpp; name = "include_juce_opengl.mm"; path = "../../JuceLibraryCode/include_juce_opengl.mm"; sourceTree = "SOURCE_ROOT"; };
		60000D035CCFC2BE4E21F7BE = {isa = PBXFileReference; lastKnownFileType = sourcecode.cpp.objcpp; name = "include_juce_audio_plugin_client_AU_2.mm"; path = "../../JuceLibraryCode/include_juce_audio_plugin_client_AU_2.mm"; sourceTree = "SOURCE_ROOT"; };
		6057DF3CDC58EF71636394EE = {isa = PBXFileReference; lastKnownFileType = wrapper.framework; name = WebKit.framework; path = System/Library/Frameworks/WebKit.framework; sourceTree = SDKROOT; };
		60A85863D69F22E317087150 = {isa = PBXFileReference; lastKnownFileType = sourcecode.cpp.objcpp; name = "include_juce_audio_plugin_client_AU_1.mm"; path = "../../JuceLibraryCode/include_juce_audio_plugin_client_AU_1.mm"; sourceTree = "SOURCE_ROOT"; };
		625627EE6192AB22BEFF7659 = {isa = PBXFileReference; lastKnownFileType = file; name = "juce_audio_basics"; path = "~/Developer/JUCE5/modules/juce_audio_basics"; sourceTree = "<absolute>"; };
		63E539447B4E2354A1E2ED02 = {isa = PBXFileReference; lastKnownFileType = sourcecode.c.h; name = LabeledSlider.h; path = ../../Source/LabeledSlider.h; sourceTree = "SOURCE_ROOT"; };
		652E1CE6CDF54FDA90675480 = {isa = PBXFileReference; lastKnownFileType = file; name = "juce_audio_processors"; path = "~/Developer/JUCE5/modules/juce_audio_processors"; sourceTree = "<absolute>"; };
		6654F7657EB0CFBF8A082A12 = {isa = PBXFileReference; lastKnownFileType = sourcecode.cpp.cpp; name = "include_juce_audio_plugin_client_utils.cpp"; path = "../../JuceLibraryCode/include_juce_audio_plugin_client_utils.cpp"; sourceTree = "SOURCE_ROOT"; };
		7277F9DAE9FDD37970DF79BA = {isa = PBXFileReference; lastKnownFileType = image.png; name = "Logo-FF.png"; path = "../../Resources/Logo-FF.png"; sourceTree = "SOURCE_ROOT"; };
		799B7D6BEF7588235D017B89 = {isa = PBXFileReference; lastKnownFileType = sourcecode.cpp.objcpp; name = "include_juce_graphics.mm"; path = "../../JuceLibraryCode/include_juce_graphics.mm"; sourceTree = "SOURCE_ROOT"; };
		7B00615D8783BBDE173756C6 = {isa = PBXFileReference; lastKnownFileType = file.r; name = "include_juce_audio_plugin_client_AU.r"; path = "../../JuceLibraryCode/include_juce_audio_plugin_client_AU.r"; sourceTree = "SOURCE_ROOT"; };
		7EE5A0B068A3536424962C7E = {isa = PBXFileReference; lastKnownFileType = sourcecode.cpp.cpp; name = "include_juce_audio_plugin_client_VST2.cpp"; path = "../../JuceLibraryCode/include_juce_audio_plugin_client_VST2.cpp"; sourceTree = "SOURCE_ROOT"; };
		8195E3FE14D982052F05DE8E = {isa = PBXFileReference; explicitFileType = wrapper.cfbundle; includeInIndex = 0; path = Frequalizer.vst; sourceTree = "BUILT_PRODUCTS_DIR"; };
		86B4D1ABAB70DBD25863A61F = {isa = PBXFileReference; lastKnownFileType = wrapper.framework; name = QuartzCore.framework; path = System/Library/Frameworks/QuartzCore.framework; sourceTree = SDKROOT; };
		8F60B954A8333E1000BD4B21 = {isa = PBXFileReference; lastKnownFileType = sourcecode.cpp.objcpp; name = "include_juce_gui_basics.mm"; path = "../../JuceLibraryCode/include_juce_gui_basics.mm"; sourceTree = "SOURCE_ROOT"; };
		91864AD6C9E13CF9FD8FEC95 = {isa = PBXFileReference; lastKnownFileType = sourcecode.c.h; name = FrequalizerEditor.h; path = ../../Source/FrequalizerEditor.h; sourceTree = "SOURCE_ROOT"; };
		982C9667FFB5F8CE39D54C15 = {isa = PBXFileReference; lastKnownFileType = text.plist.xml; name = "Info-VST.plist"; path = "Info-VST.plist"; sourceTree = "SOURCE_ROOT"; };
		9EF894CDA42133F4C44034FD = {isa = PBXFileReference; lastKnownFileType = wrapper.framework; name = CoreMIDI.framework; path = System/Library/Frameworks/CoreMIDI.framework; sourceTree = SDKROOT; };
		A37F6AEBAB1906EC4C5ED4CE = {isa = PBXFileReference; lastKnownFileType = wrapper.framework; name = AudioToolbox.framework; path = System/Library/Frameworks/AudioToolbox.framework; sourceTree = SDKROOT; };
		A6A3494F7F4E0504679E84A4 = {isa = PBXFileReference; lastKnownFileType = sourcecode.cpp.objcpp; name = "include_juce_events.mm"; path = "../../JuceLibraryCode/include_juce_events.mm"; sourceTree = "SOURCE_ROOT"; };
		AD6253209076BB44EB0278C0 = {isa = PBXFileReference; lastKnownFileType = file; name = "juce_audio_plugin_client"; path = "~/Developer/JUCE5/modules/juce_audio_plugin_client"; sourceTree = "<absolute>"; };
		B30ED9045247D2663C059793 = {isa = PBXFileReference; lastKnownFileType = file; name = "juce_cryptography"; path = "~/Developer/JUCE5/modules/juce_cryptography"; sourceTree = "<absolute>"; };
		BD38A79005E40807FFD8C9EE = {isa = PBXFileReference; lastKnownFileType = sourcecode.cpp.objcpp; name = "include_juce_audio_formats.mm"; path = "../../JuceLibraryCode/include_juce_audio_formats.mm"; sourceTree = "SOURCE_ROOT"; };
		C0B2AE525C089FC50144F026 = {isa = PBXFileReference; lastKnownFileType = sourcecode.cpp.cpp; name = FrequalizerEditor.cpp; path = ../../Source/FrequalizerEditor.cpp; sourceTree = "SOURCE_ROOT"; };
		EBEDE61092693B06963DA3E2 = {isa = PBXFileReference; explicitFileType = wrapper.cfbundle; includeInIndex = 0; path = Frequalizer.component; sourceTree = "BUILT_PRODUCTS_DIR"; };
		5E731D75CE4175D8DBF94704 = {isa = PBXFileReference; explicitFileType = archive.ar; includeInIndex = 0; path = libFrequalizer.a; sourceTree = "BUILT_PRODUCTS_DIR"; };
		C743B23796F961E3FA827F8A = {isa = PBXFileReference; lastKnownFileType = wrapper.framework; name = CoreAudio.framework; path = System/Library/Frameworks/CoreAudio.framework; sourceTree = SDKROOT; };
		C7571CA72F974477A3C7BD12 = {isa = PBXFileReference; lastKnownFileType = sourcecode.cpp.objcpp; name = "include_juce_audio_plugin_client_VST_utils.mm"; path = "../../JuceLibraryCode/include_juce_audio_plugin_client_VST_utils.mm"; sourceTree = "SOURCE_ROOT"; };
		CABA8696FEA858736D7C84C9 = {isa = PBXFileReference; lastKnownFileType = sourcecode.c.h; name = FrequalizerProcessor.h; path = ../../Source/FrequalizerProcessor.h; sourceTree = "SOURCE_ROOT"; };
		DBE08FC209AF43FB10F6E996 = {isa = PBXFileReference; lastKnownFileType = sourcecode.cpp.objcpp; name = "include_juce_core.mm"; path = "../../JuceLibraryCode/include_juce_core.mm"; sourceTree = "SOURCE_ROOT"; };
		DC05A787520B5E56B4E79814 = {isa = PBXFileReference; lastKnownFileType = sourcecode.cpp.cpp; name = BinaryData.cpp; path = ../../JuceLibraryCode/BinaryData.cpp; sourceTree = "SOURCE_ROOT"; };
		E22E3161EF95D637F3D08D55 = {isa = PBXFileReference; lastKnownFileType = sourcecode.cpp.objcpp; name = "include_juce_data_structures.mm"; path = "../../JuceLibraryCode/include_juce_data_structures.mm"; sourceTree = "SOURCE_ROOT"; };
		F1159EE8BFE9DF1973C3B7DA = {isa = PBXFileReference; lastKnownFileType = sourcecode.cpp.objcpp; name = "include_juce_gui_extra.mm"; path = "../../JuceLibraryCode/include_juce_gui_extra.mm"; sourceTree = "SOURCE_ROOT"; };
		F34096F6FDEF9B9AA58F0F98 = {isa = PBXFileReference; lastKnownFileType = wrapper.framework; name = Carbon.framework; path = System/Library/Frameworks/Carbon.framework; sourceTree = SDKROOT; };
		F454312457FEF81DAB1AA5B9 = {isa = PBXFileReference; lastKnownFileType = file; name = "juce_audio_formats"; path = "~/Developer/JUCE5/modules/juce_audio_formats"; sourceTree = "<absolute>"; };
		F7CBC6A8BD1992743E01C7BF = {isa = PBXFileReference; lastKnownFileType = file; name = "juce_graphics"; path = "~/Developer/JUCE5/modules/juce_graphics"; sourceTree = "<absolute>"; };
		F9D7C39CA10DAE2362478E29 = {isa = PBXFileReference; lastKnownFileType = sourcecode.c.h; name = AppConfig.h; path = ../../JuceLibraryCode/AppConfig.h; sourceTree = "SOURCE_ROOT"; };
		FA333DF063B07BCE67EB6F30 = {isa = PBXFileReference; lastKnownFileType = file; name = "juce_events"; path = "~/Developer/JUCE5/modules/juce_events"; sourceTree = "<absolute>"; };
		B2CEB8AB33F7E1180ABE6B42 = {isa = PBXGroup; children = (
					28EFBC8CE887CBA84FB0F385,
					CABA8696FEA858736D7C84C9,
					C0B2AE525C089FC50144F026,
					91864AD6C9E13CF9FD8FEC95,
					63E539447B4E2354A1E2ED02, ); name = Source; sourceTree = "<group>"; };
		731A84A39C61EAC2AAE49DA2 = {isa = PBXGroup; children = (
					B2CEB8AB33F7E1180ABE6B42,
					7277F9DAE9FDD37970DF79BA, ); name = Frequalizer; sourceTree = "<group>"; };
		1FB993A2F7688B681CA1C293 = {isa = PBXGroup; children = (
					625627EE6192AB22BEFF7659,
					F454312457FEF81DAB1AA5B9,
					AD6253209076BB44EB0278C0,
					652E1CE6CDF54FDA90675480,
					0803E7578E190B45C6A02F6B,
					B30ED9045247D2663C059793,
					2B750075748B8513FB058F12,
					15E526A78D3720D232239C9D,
					FA333DF063B07BCE67EB6F30,
					F7CBC6A8BD1992743E01C7BF,
					58849526B9B15D9CAA0AA146,
					4267267A04A0D27C54FFBC2B,
					557C69A3DC3BB102058E04ED, ); name = "JUCE Modules"; sourceTree = "<group>"; };
		E4A886B13DA2F08BD3660BE4 = {isa = PBXGroup; children = (
					F9D7C39CA10DAE2362478E29,
					DC05A787520B5E56B4E79814,
					182E8BC15F7214E254340C1E,
					426DFC03A583DDFCDAA1FD1F,
					BD38A79005E40807FFD8C9EE,
					7B00615D8783BBDE173756C6,
					60A85863D69F22E317087150,
					60000D035CCFC2BE4E21F7BE,
					6654F7657EB0CFBF8A082A12,
					C7571CA72F974477A3C7BD12,
					7EE5A0B068A3536424962C7E,
					1E1A4BF626AEA83F8C8790A7,
					DBE08FC209AF43FB10F6E996,
					448F7A9B778F968BBA933BDA,
					E22E3161EF95D637F3D08D55,
					3F9478C2A5F2D08E2CCDBDA6,
					A6A3494F7F4E0504679E84A4,
					799B7D6BEF7588235D017B89,
					8F60B954A8333E1000BD4B21,
					F1159EE8BFE9DF1973C3B7DA,
					5C2B2AD1227BD4688A52ABEE,
					1C0532578E1AE64D255254B4, ); name = "JUCE Library Code"; sourceTree = "<group>"; };
		91033E9FEE77FDF8C3CF0338 = {isa = PBXGroup; children = (
					982C9667FFB5F8CE39D54C15,
					3D23DC295A85918CE131096D,
					059DEFB5BBDD1F7711CAE168,
					3DE1FD60BAF9A79D5FB6E547, ); name = Resources; sourceTree = "<group>"; };
		B3C05A03EF426A056E6AF521 = {isa = PBXGroup; children = (
					19F7014BF49627793D3477D7,
					A37F6AEBAB1906EC4C5ED4CE,
					402504A5814D47740CF74A3D,
					F34096F6FDEF9B9AA58F0F98,
					0C8DFFD767EA374DD0FB6947,
					C743B23796F961E3FA827F8A,
					3F16B3653F48BB7C161E19A8,
					9EF894CDA42133F4C44034FD,
					0202510E5F3907DD16455410,
					2465C79FEE998807A3D02878,
					86B4D1ABAB70DBD25863A61F,
					6057DF3CDC58EF71636394EE, ); name = Frameworks; sourceTree = "<group>"; };
		547AAAD7ED1218F2CF2AE4C3 = {isa = PBXGroup; children = (
					8195E3FE14D982052F05DE8E,
					EBEDE61092693B06963DA3E2,
					5E731D75CE4175D8DBF94704, ); name = Products; sourceTree = "<group>"; };
		76688BDBB7E4335E0448B96A = {isa = PBXGroup; children = (
					225C165DC18D414A08A591FF,
					731A84A39C61EAC2AAE49DA2,
					1FB993A2F7688B681CA1C293,
					E4A886B13DA2F08BD3660BE4,
					91033E9FEE77FDF8C3CF0338,
					B3C05A03EF426A056E6AF521,
					547AAAD7ED1218F2CF2AE4C3, ); name = Source; sourceTree = "<group>"; };
		2C554EB9F4E32A05E65142CB = {isa = XCBuildConfiguration; buildSettings = {
				MACOSX_DEPLOYMENT_TARGET = 10.11; }; name = Debug; };
		7881CFFBD743A92475E83F06 = {isa = XCBuildConfiguration; buildSettings = {
				MACOSX_DEPLOYMENT_TARGET = 10.11; }; name = Release; };
		6859AD956037CBADB227C953 = {isa = XCBuildConfiguration; buildSettings = {
				CLANG_CXX_LANGUAGE_STANDARD = "c++14";
				CLANG_LINK_OBJC_RUNTIME = NO;
				COMBINE_HIDPI_IMAGES = YES;
				CONFIGURATION_BUILD_DIR = "$(PROJECT_DIR)/build/$(CONFIGURATION)";
				COPY_PHASE_STRIP = NO;
				DEPLOYMENT_LOCATION = YES;
				DSTROOT = /;
				GCC_DYNAMIC_NO_PIC = NO;
				GCC_OPTIMIZATION_LEVEL = 0;
				GCC_PREPROCESSOR_DEFINITIONS = (
					"_DEBUG=1",
					"DEBUG=1",
					"JUCER_XCODE_MAC_F6D2F4CF=1",
					"JUCE_APP_VERSION=1.0.0",
					"JUCE_APP_VERSION_HEX=0x10000",
					"JucePlugin_Build_VST=1",
					"JucePlugin_Build_VST3=0",
					"JucePlugin_Build_AU=0",
					"JucePlugin_Build_AUv3=0",
					"JucePlugin_Build_RTAS=0",
					"JucePlugin_Build_AAX=0",
					"JucePlugin_Build_Standalone=0", );
				GCC_VERSION = com.apple.compilers.llvm.clang.1_0;
				GENERATE_PKGINFO_FILE = YES;
				HEADER_SEARCH_PATHS = ("../../JuceLibraryCode", "~/Developer/JUCE5/modules", "~/Developer/JUCE5/modules/juce_audio_plugin_client", "$(inherited)");
				INFOPLIST_FILE = Info-VST.plist;
				INFOPLIST_PREPROCESS = NO;
				INSTALL_PATH = "$(HOME)/Library/Audio/Plug-Ins/VST/";
				LIBRARY_STYLE = Bundle;
				MACOSX_DEPLOYMENT_TARGET = 10.11;
				MACOSX_DEPLOYMENT_TARGET_ppc = 10.4;
				OTHER_LDFLAGS = "-bundle -lFrequalizer";
				PRODUCT_BUNDLE_IDENTIFIER = com.foleysfinest.frequalizer;
				SDKROOT_ppc = macosx10.5;
				USE_HEADERMAP = NO;
				WRAPPER_EXTENSION = vst; }; name = Debug; };
		0AC7BEDFE0D76549D1A0C51E = {isa = XCBuildConfiguration; buildSettings = {
				CLANG_CXX_LANGUAGE_STANDARD = "c++14";
				CLANG_LINK_OBJC_RUNTIME = NO;
				COMBINE_HIDPI_IMAGES = YES;
				CONFIGURATION_BUILD_DIR = "$(PROJECT_DIR)/build/$(CONFIGURATION)";
				DEAD_CODE_STRIPPING = YES;
				DEPLOYMENT_LOCATION = YES;
				DSTROOT = /;
				GCC_GENERATE_DEBUGGING_SYMBOLS = NO;
				GCC_OPTIMIZATION_LEVEL = 3;
				GCC_PREPROCESSOR_DEFINITIONS = (
					"_NDEBUG=1",
					"NDEBUG=1",
					"JUCER_XCODE_MAC_F6D2F4CF=1",
					"JUCE_APP_VERSION=1.0.0",
					"JUCE_APP_VERSION_HEX=0x10000",
					"JucePlugin_Build_VST=1",
					"JucePlugin_Build_VST3=0",
					"JucePlugin_Build_AU=0",
					"JucePlugin_Build_AUv3=0",
					"JucePlugin_Build_RTAS=0",
					"JucePlugin_Build_AAX=0",
					"JucePlugin_Build_Standalone=0", );
				GCC_SYMBOLS_PRIVATE_EXTERN = YES;
				GCC_VERSION = com.apple.compilers.llvm.clang.1_0;
				GENERATE_PKGINFO_FILE = YES;
				HEADER_SEARCH_PATHS = ("../../JuceLibraryCode", "~/Developer/JUCE5/modules", "~/Developer/JUCE5/modules/juce_audio_plugin_client", "$(inherited)");
				INFOPLIST_FILE = Info-VST.plist;
				INFOPLIST_PREPROCESS = NO;
				INSTALL_PATH = "$(HOME)/Library/Audio/Plug-Ins/VST/";
				LIBRARY_STYLE = Bundle;
				LLVM_LTO = YES;
				MACOSX_DEPLOYMENT_TARGET = 10.11;
				MACOSX_DEPLOYMENT_TARGET_ppc = 10.4;
				OTHER_LDFLAGS = "-bundle -lFrequalizer";
				PRODUCT_BUNDLE_IDENTIFIER = com.foleysfinest.frequalizer;
				SDKROOT_ppc = macosx10.5;
				USE_HEADERMAP = NO;
				WRAPPER_EXTENSION = vst; }; name = Release; };
		A6238009AAFAEB0107C082AB = {isa = XCBuildConfiguration; buildSettings = {
				CLANG_CXX_LANGUAGE_STANDARD = "c++14";
				CLANG_LINK_OBJC_RUNTIME = NO;
				COMBINE_HIDPI_IMAGES = YES;
				CONFIGURATION_BUILD_DIR = "$(PROJECT_DIR)/build/$(CONFIGURATION)";
				COPY_PHASE_STRIP = NO;
				DEPLOYMENT_LOCATION = YES;
				DSTROOT = /;
				GCC_DYNAMIC_NO_PIC = NO;
				GCC_OPTIMIZATION_LEVEL = 0;
				GCC_PREPROCESSOR_DEFINITIONS = (
					"_DEBUG=1",
					"DEBUG=1",
					"JUCER_XCODE_MAC_F6D2F4CF=1",
					"JUCE_APP_VERSION=1.0.0",
					"JUCE_APP_VERSION_HEX=0x10000",
					"JucePlugin_Build_VST=0",
					"JucePlugin_Build_VST3=0",
					"JucePlugin_Build_AU=1",
					"JucePlugin_Build_AUv3=0",
					"JucePlugin_Build_RTAS=0",
					"JucePlugin_Build_AAX=0",
					"JucePlugin_Build_Standalone=0", );
				GCC_VERSION = com.apple.compilers.llvm.clang.1_0;
				GENERATE_PKGINFO_FILE = YES;
				HEADER_SEARCH_PATHS = ("../../JuceLibraryCode", "~/Developer/JUCE5/modules", "~/Developer/JUCE5/modules/juce_audio_plugin_client", "$(inherited)");
				INFOPLIST_FILE = Info-AU.plist;
				INFOPLIST_PREPROCESS = NO;
				INSTALL_PATH = "$(HOME)/Library/Audio/Plug-Ins/Components/";
				LIBRARY_STYLE = Bundle;
				MACOSX_DEPLOYMENT_TARGET = 10.11;
				MACOSX_DEPLOYMENT_TARGET_ppc = 10.4;
				OTHER_LDFLAGS = "-bundle -lFrequalizer";
				OTHER_REZFLAGS = "-d ppc_$ppc -d i386_$i386 -d ppc64_$ppc64 -d x86_64_$x86_64 -I /System/Library/Frameworks/CoreServices.framework/Frameworks/CarbonCore.framework/Versions/A/Headers -I \"$(DEVELOPER_DIR)/Extras/CoreAudio/AudioUnits/AUPublic/AUBase\"";
				PRODUCT_BUNDLE_IDENTIFIER = com.foleysfinest.frequalizer;
				SDKROOT_ppc = macosx10.5;
				USE_HEADERMAP = NO;
				WRAPPER_EXTENSION = component; }; name = Debug; };
		78055278F6758AD10060E835 = {isa = XCBuildConfiguration; buildSettings = {
				CLANG_CXX_LANGUAGE_STANDARD = "c++14";
				CLANG_LINK_OBJC_RUNTIME = NO;
				COMBINE_HIDPI_IMAGES = YES;
				CONFIGURATION_BUILD_DIR = "$(PROJECT_DIR)/build/$(CONFIGURATION)";
				DEAD_CODE_STRIPPING = YES;
				DEPLOYMENT_LOCATION = YES;
				DSTROOT = /;
				GCC_GENERATE_DEBUGGING_SYMBOLS = NO;
				GCC_OPTIMIZATION_LEVEL = 3;
				GCC_PREPROCESSOR_DEFINITIONS = (
					"_NDEBUG=1",
					"NDEBUG=1",
					"JUCER_XCODE_MAC_F6D2F4CF=1",
					"JUCE_APP_VERSION=1.0.0",
					"JUCE_APP_VERSION_HEX=0x10000",
					"JucePlugin_Build_VST=0",
					"JucePlugin_Build_VST3=0",
					"JucePlugin_Build_AU=1",
					"JucePlugin_Build_AUv3=0",
					"JucePlugin_Build_RTAS=0",
					"JucePlugin_Build_AAX=0",
					"JucePlugin_Build_Standalone=0", );
				GCC_SYMBOLS_PRIVATE_EXTERN = YES;
				GCC_VERSION = com.apple.compilers.llvm.clang.1_0;
				GENERATE_PKGINFO_FILE = YES;
				HEADER_SEARCH_PATHS = ("../../JuceLibraryCode", "~/Developer/JUCE5/modules", "~/Developer/JUCE5/modules/juce_audio_plugin_client", "$(inherited)");
				INFOPLIST_FILE = Info-AU.plist;
				INFOPLIST_PREPROCESS = NO;
				INSTALL_PATH = "$(HOME)/Library/Audio/Plug-Ins/Components/";
				LIBRARY_STYLE = Bundle;
				LLVM_LTO = YES;
				MACOSX_DEPLOYMENT_TARGET = 10.11;
				MACOSX_DEPLOYMENT_TARGET_ppc = 10.4;
				OTHER_LDFLAGS = "-bundle -lFrequalizer";
				OTHER_REZFLAGS = "-d ppc_$ppc -d i386_$i386 -d ppc64_$ppc64 -d x86_64_$x86_64 -I /System/Library/Frameworks/CoreServices.framework/Frameworks/CarbonCore.framework/Versions/A/Headers -I \"$(DEVELOPER_DIR)/Extras/CoreAudio/AudioUnits/AUPublic/AUBase\"";
				PRODUCT_BUNDLE_IDENTIFIER = com.foleysfinest.frequalizer;
				SDKROOT_ppc = macosx10.5;
				USE_HEADERMAP = NO;
				WRAPPER_EXTENSION = component; }; name = Release; };
		18A8669CE2D4F08FC963DFD6 = {isa = XCBuildConfiguration; buildSettings = {
				CLANG_CXX_LANGUAGE_STANDARD = "c++14";
				CLANG_LINK_OBJC_RUNTIME = NO;
				COMBINE_HIDPI_IMAGES = YES;
				CONFIGURATION_BUILD_DIR = "$(PROJECT_DIR)/build/$(CONFIGURATION)";
				COPY_PHASE_STRIP = NO;
				GCC_DYNAMIC_NO_PIC = NO;
				GCC_OPTIMIZATION_LEVEL = 0;
				GCC_PREPROCESSOR_DEFINITIONS = (
					"_DEBUG=1",
					"DEBUG=1",
					"JUCER_XCODE_MAC_F6D2F4CF=1",
					"JUCE_APP_VERSION=1.0.0",
					"JUCE_APP_VERSION_HEX=0x10000",
					"JucePlugin_Build_VST=1",
					"JucePlugin_Build_VST3=0",
					"JucePlugin_Build_AU=1",
					"JucePlugin_Build_AUv3=0",
					"JucePlugin_Build_RTAS=0",
					"JucePlugin_Build_AAX=0",
					"JucePlugin_Build_Standalone=0",
					"JUCE_SHARED_CODE=1", );
				GCC_VERSION = com.apple.compilers.llvm.clang.1_0;
				HEADER_SEARCH_PATHS = ("../../JuceLibraryCode", "~/Developer/JUCE5/modules", "~/Developer/JUCE5/modules/juce_audio_plugin_client", "$(inherited)");
				INSTALL_PATH = "@executable_path/../Frameworks";
				MACOSX_DEPLOYMENT_TARGET = 10.11;
				MACOSX_DEPLOYMENT_TARGET_ppc = 10.4;
				PRODUCT_BUNDLE_IDENTIFIER = com.foleysfinest.frequalizer;
				SDKROOT_ppc = macosx10.5;
				USE_HEADERMAP = NO; }; name = Debug; };
		FEEAE34FC1A301258086302D = {isa = XCBuildConfiguration; buildSettings = {
				CLANG_CXX_LANGUAGE_STANDARD = "c++14";
				CLANG_LINK_OBJC_RUNTIME = NO;
				COMBINE_HIDPI_IMAGES = YES;
				CONFIGURATION_BUILD_DIR = "$(PROJECT_DIR)/build/$(CONFIGURATION)";
				DEAD_CODE_STRIPPING = YES;
				GCC_GENERATE_DEBUGGING_SYMBOLS = NO;
				GCC_OPTIMIZATION_LEVEL = 3;
				GCC_PREPROCESSOR_DEFINITIONS = (
					"_NDEBUG=1",
					"NDEBUG=1",
					"JUCER_XCODE_MAC_F6D2F4CF=1",
					"JUCE_APP_VERSION=1.0.0",
					"JUCE_APP_VERSION_HEX=0x10000",
					"JucePlugin_Build_VST=1",
					"JucePlugin_Build_VST3=0",
					"JucePlugin_Build_AU=1",
					"JucePlugin_Build_AUv3=0",
					"JucePlugin_Build_RTAS=0",
					"JucePlugin_Build_AAX=0",
					"JucePlugin_Build_Standalone=0",
					"JUCE_SHARED_CODE=1", );
				GCC_SYMBOLS_PRIVATE_EXTERN = YES;
				GCC_VERSION = com.apple.compilers.llvm.clang.1_0;
				HEADER_SEARCH_PATHS = ("../../JuceLibraryCode", "~/Developer/JUCE5/modules", "~/Developer/JUCE5/modules/juce_audio_plugin_client", "$(inherited)");
				INSTALL_PATH = "@executable_path/../Frameworks";
				LLVM_LTO = YES;
				MACOSX_DEPLOYMENT_TARGET = 10.11;
				MACOSX_DEPLOYMENT_TARGET_ppc = 10.4;
				PRODUCT_BUNDLE_IDENTIFIER = com.foleysfinest.frequalizer;
				SDKROOT_ppc = macosx10.5;
				USE_HEADERMAP = NO; }; name = Release; };
		1F5709493679D036CF110D8D = {isa = XCBuildConfiguration; buildSettings = {
				ALWAYS_SEARCH_USER_PATHS = NO;
				CLANG_WARN_BLOCK_CAPTURE_AUTORELEASING = YES;
				CLANG_WARN_BOOL_CONVERSION = YES;
				CLANG_WARN_COMMA = YES;
				CLANG_WARN_CONSTANT_CONVERSION = YES;
				CLANG_WARN_EMPTY_BODY = YES;
				CLANG_WARN_ENUM_CONVERSION = YES;
				CLANG_WARN_INFINITE_RECURSION = YES;
				CLANG_WARN_INT_CONVERSION = YES;
				CLANG_WARN_NON_LITERAL_NULL_CONVERSION = YES;
				CLANG_WARN_OBJC_LITERAL_CONVERSION = YES;
				CLANG_WARN_RANGE_LOOP_ANALYSIS = YES;
				CLANG_WARN_STRICT_PROTOTYPES = YES;
				CLANG_WARN_SUSPICIOUS_MOVE = YES;
				CLANG_WARN_UNREACHABLE_CODE = YES;
				CLANG_WARN__DUPLICATE_METHOD_MATCH = YES;
				DEBUG_INFORMATION_FORMAT = "dwarf";
				ENABLE_STRICT_OBJC_MSGSEND = YES;
				ENABLE_TESTABILITY = YES;
				GCC_C_LANGUAGE_STANDARD = c11;
				GCC_INLINES_ARE_PRIVATE_EXTERN = YES;
				GCC_MODEL_TUNING = G5;
				GCC_NO_COMMON_BLOCKS = YES;
				GCC_WARN_64_TO_32_BIT_CONVERSION = YES;
				GCC_WARN_ABOUT_RETURN_TYPE = YES;
				GCC_WARN_CHECK_SWITCH_STATEMENTS = YES;
				GCC_WARN_MISSING_PARENTHESES = YES;
				GCC_WARN_NON_VIRTUAL_DESTRUCTOR = YES;
				GCC_WARN_TYPECHECK_CALLS_TO_PRINTF = YES;
				GCC_WARN_UNDECLARED_SELECTOR = YES;
				GCC_WARN_UNINITIALIZED_AUTOS = YES;
				GCC_WARN_UNUSED_FUNCTION = YES;
				GCC_WARN_UNUSED_VARIABLE = YES;
				ONLY_ACTIVE_ARCH = YES;
				PRODUCT_NAME = "Frequalizer";
				WARNING_CFLAGS = -Wreorder;
				ZERO_LINK = NO; }; name = Debug; };
		9A10BA27E6C53CA8A31B2D56 = {isa = XCBuildConfiguration; buildSettings = {
				ALWAYS_SEARCH_USER_PATHS = NO;
				CLANG_WARN_BLOCK_CAPTURE_AUTORELEASING = YES;
				CLANG_WARN_BOOL_CONVERSION = YES;
				CLANG_WARN_COMMA = YES;
				CLANG_WARN_CONSTANT_CONVERSION = YES;
				CLANG_WARN_EMPTY_BODY = YES;
				CLANG_WARN_ENUM_CONVERSION = YES;
				CLANG_WARN_INFINITE_RECURSION = YES;
				CLANG_WARN_INT_CONVERSION = YES;
				CLANG_WARN_NON_LITERAL_NULL_CONVERSION = YES;
				CLANG_WARN_OBJC_LITERAL_CONVERSION = YES;
				CLANG_WARN_RANGE_LOOP_ANALYSIS = YES;
				CLANG_WARN_STRICT_PROTOTYPES = YES;
				CLANG_WARN_SUSPICIOUS_MOVE = YES;
				CLANG_WARN_UNREACHABLE_CODE = YES;
				CLANG_WARN__DUPLICATE_METHOD_MATCH = YES;
				DEBUG_INFORMATION_FORMAT = "dwarf";
				ENABLE_STRICT_OBJC_MSGSEND = YES;
				GCC_C_LANGUAGE_STANDARD = c11;
				GCC_INLINES_ARE_PRIVATE_EXTERN = YES;
				GCC_MODEL_TUNING = G5;
				GCC_NO_COMMON_BLOCKS = YES;
				GCC_WARN_64_TO_32_BIT_CONVERSION = YES;
				GCC_WARN_ABOUT_RETURN_TYPE = YES;
				GCC_WARN_CHECK_SWITCH_STATEMENTS = YES;
				GCC_WARN_MISSING_PARENTHESES = YES;
				GCC_WARN_NON_VIRTUAL_DESTRUCTOR = YES;
				GCC_WARN_TYPECHECK_CALLS_TO_PRINTF = YES;
				GCC_WARN_UNDECLARED_SELECTOR = YES;
				GCC_WARN_UNINITIALIZED_AUTOS = YES;
				GCC_WARN_UNUSED_FUNCTION = YES;
				GCC_WARN_UNUSED_VARIABLE = YES;
				PRODUCT_NAME = "Frequalizer";
				WARNING_CFLAGS = -Wreorder;
				ZERO_LINK = NO; }; name = Release; };
		BE108B5498256A605DC1858E = {isa = PBXTargetDependency; target = 0C31D92F844BA5E4B2629012; };
		478AE1D33C92C5920BFE5B8F = {isa = PBXTargetDependency; target = CDC4C951F9AA5C54F3A2BD4F; };
		1DEBA79C61E51D0C0CD2BB2D = {isa = PBXTargetDependency; target = BD731EDABECFA6F865702BF7; };
		FEB1C35DA61D864286A910CE = {isa = XCConfigurationList; buildConfigurations = (
					1F5709493679D036CF110D8D,
					9A10BA27E6C53CA8A31B2D56, ); defaultConfigurationIsVisible = 0; defaultConfigurationName = Debug; };
		0003968E45655D40C6685AC9 = {isa = XCConfigurationList; buildConfigurations = (
					2C554EB9F4E32A05E65142CB,
					7881CFFBD743A92475E83F06, ); defaultConfigurationIsVisible = 0; defaultConfigurationName = Debug; };
		4252E76AFB8F46E6596ECBB7 = {isa = PBXAggregateTarget; buildConfigurationList = 0003968E45655D40C6685AC9; buildPhases = (  ); buildRules = ( ); dependencies = (
					BE108B5498256A605DC1858E,
					478AE1D33C92C5920BFE5B8F,
					1DEBA79C61E51D0C0CD2BB2D, ); name = "Frequalizer - All"; productName = Frequalizer; };
		3D821B294B0826098209C61F = {isa = XCConfigurationList; buildConfigurations = (
					6859AD956037CBADB227C953,
					0AC7BEDFE0D76549D1A0C51E, ); defaultConfigurationIsVisible = 0; defaultConfigurationName = Debug; };
		E5FBA5481E81E2369A953CE8 = {isa = PBXResourcesBuildPhase; buildActionMask = 2147483647; files = (
					8DDD39068679842348BC1B6C,
					BB48D6D574F4EAE67AFA9476, ); runOnlyForDeploymentPostprocessing = 0; };
		7B5C32322BDE5156157F56D9 = {isa = PBXSourcesBuildPhase; buildActionMask = 2147483647; files = (
					968E0CDDC8434DC6C2EC47A2, ); runOnlyForDeploymentPostprocessing = 0; };
		405F80306EB704BF3E65DD1A = {isa = PBXFrameworksBuildPhase; buildActionMask = 2147483647; files = (
					6053922A7FF3294FA7625F80,
					B12E775DD08C1EAB78BE4E0D,
					9C28FF27944A536C9BBC77E3,
					DC2DF61FC423A648A3F0D70D,
					A2EC13E507EBF421956C0C41,
					9CA99423868BC48E666B7C12,
					DE0DD6B8EAE4D74A726EC4C9,
					CDC4CB6F701878D3864F1FA5,
					3E4A088281B7A0D1974D0B2F,
					729B5B4B8CEA44A7FE848771, ); runOnlyForDeploymentPostprocessing = 0; };
		0C31D92F844BA5E4B2629012 = {isa = PBXNativeTarget; buildConfigurationList = 3D821B294B0826098209C61F; buildPhases = (
					E5FBA5481E81E2369A953CE8,
					7B5C32322BDE5156157F56D9,
					405F80306EB704BF3E65DD1A, ); buildRules = ( ); dependencies = (
					1DEBA79C61E51D0C0CD2BB2D, ); name = "Frequalizer - VST"; productName = Frequalizer; productReference = 8195E3FE14D982052F05DE8E; productType = "com.apple.product-type.bundle"; };
		245EBEF5A2CBA03D4FBD65DA = {isa = XCConfigurationList; buildConfigurations = (
					A6238009AAFAEB0107C082AB,
					78055278F6758AD10060E835, ); defaultConfigurationIsVisible = 0; defaultConfigurationName = Debug; };
		3B349BE09C531E65E34F4138 = {isa = PBXResourcesBuildPhase; buildActionMask = 2147483647; files = (
					8DDD39068679842348BC1B6C,
					BB48D6D574F4EAE67AFA9476, ); runOnlyForDeploymentPostprocessing = 0; };
		FE73CEA5D1F907D5EF25B68D = {isa = PBXRezBuildPhase; buildActionMask = 2147483647; files = (
					76795800705C6A5D5A792488, ); runOnlyForDeploymentPostprocessing = 0; };
		3787396B228419EC80D2866B = {isa = PBXSourcesBuildPhase; buildActionMask = 2147483647; files = (
					E9547AC5B01069599A237658,
					9EEE8DCA34BCE29279183008, ); runOnlyForDeploymentPostprocessing = 0; };
		336448E384C62A47DC06E5DF = {isa = PBXFrameworksBuildPhase; buildActionMask = 2147483647; files = (
					6053922A7FF3294FA7625F80,
					B12E775DD08C1EAB78BE4E0D,
					17090BEB5BFDE7622C2F7D65,
					9C28FF27944A536C9BBC77E3,
					DC2DF61FC423A648A3F0D70D,
					A2EC13E507EBF421956C0C41,
					7BA23425229A80A990405C00,
					9CA99423868BC48E666B7C12,
					DE0DD6B8EAE4D74A726EC4C9,
					CDC4CB6F701878D3864F1FA5,
					3E4A088281B7A0D1974D0B2F,
					729B5B4B8CEA44A7FE848771, ); runOnlyForDeploymentPostprocessing = 0; };
		CDC4C951F9AA5C54F3A2BD4F = {isa = PBXNativeTarget; buildConfigurationList = 245EBEF5A2CBA03D4FBD65DA; buildPhases = (
					3B349BE09C531E65E34F4138,
					FE73CEA5D1F907D5EF25B68D,
					3787396B228419EC80D2866B,
					336448E384C62A47DC06E5DF, ); buildRules = ( ); dependencies = (
					1DEBA79C61E51D0C0CD2BB2D, ); name = "Frequalizer - AU"; productName = Frequalizer; productReference = EBEDE61092693B06963DA3E2; productType = "com.apple.product-type.bundle"; };
		1A5CAA12609BA2C24BDA7F29 = {isa = XCConfigurationList; buildConfigurations = (
					18A8669CE2D4F08FC963DFD6,
					FEEAE34FC1A301258086302D, ); defaultConfigurationIsVisible = 0; defaultConfigurationName = Debug; };
		909167F96F79BCAC0540542E = {isa = PBXSourcesBuildPhase; buildActionMask = 2147483647; files = (
					68AD511BF675B0DEF3AC39FF,
					1A13B35A763F83472171799E,
					A204CCC09A4390A7E41CB20B,
					31F2A3A1A9C5C6E8DC64807E,
					641D0B4EF0F3C6F8A776D4F1,
					8C1DB61D6B82576BD78FC3BF,
					38EEDAC4502B11E9EA0C4E66,
					D4B992826AB936B234FBDB93,
					2C78F92B121A252E24BE76D3,
					1DAB94BD50F83132CAF1EAC1,
					1218C4C873ECC505F2B01F51,
					DBE8AE68FA30C865410BEEAC,
					3AB2ECD86BEE578A4F9C2864,
					C50DE8C88356A7FDFFAF537B,
					1F0BAAD36DE4AC8E383C75FD,
					7273047C695F7D4A98B9B663,
					7EF78F7189DEE555E029BBA1, ); runOnlyForDeploymentPostprocessing = 0; };
		BD731EDABECFA6F865702BF7 = {isa = PBXNativeTarget; buildConfigurationList = 1A5CAA12609BA2C24BDA7F29; buildPhases = (
					909167F96F79BCAC0540542E, ); buildRules = ( ); dependencies = (  ); name = "Frequalizer - Shared Code"; productName = Frequalizer; productReference = 5E731D75CE4175D8DBF94704; productType = "com.apple.product-type.library.static"; };
		1F7C17AA48A85304B2A4EC74 = {isa = PBXProject; buildConfigurationList = FEB1C35DA61D864286A910CE; attributes = { LastUpgradeCheck = 0830; ORGANIZATIONNAME = "Foleys Finest Audio"; TargetAttributes = { 4252E76AFB8F46E6596ECBB7 = { SystemCapabilities = {com.apple.ApplicationGroups.iOS = { enabled = 0; }; com.apple.InAppPurchase = { enabled = 0; }; com.apple.InterAppAudio = { enabled = 0; }; com.apple.Push = { enabled = 0; }; com.apple.Sandbox = { enabled = 0; }; }; };0C31D92F844BA5E4B2629012 = { SystemCapabilities = {com.apple.ApplicationGroups.iOS = { enabled = 0; }; com.apple.InAppPurchase = { enabled = 0; }; com.apple.InterAppAudio = { enabled = 0; }; com.apple.Push = { enabled = 0; }; com.apple.Sandbox = { enabled = 0; }; }; };CDC4C951F9AA5C54F3A2BD4F = { SystemCapabilities = {com.apple.ApplicationGroups.iOS = { enabled = 0; }; com.apple.InAppPurchase = { enabled = 0; }; com.apple.InterAppAudio = { enabled = 0; }; com.apple.Push = { enabled = 0; }; com.apple.Sandbox = { enabled = 0; }; }; };BD731EDABECFA6F865702BF7 = { SystemCapabilities = {com.apple.ApplicationGroups.iOS = { enabled = 0; }; com.apple.InAppPurchase = { enabled = 0; }; com.apple.InterAppAudio = { enabled = 0; }; com.apple.Push = { enabled = 0; }; com.apple.Sandbox = { enabled = 0; }; }; }; }; }; compatibilityVersion = "Xcode 3.2"; hasScannedForEncodings = 0; mainGroup = 76688BDBB7E4335E0448B96A; projectDirPath = ""; projectRoot = ""; targets = (4252E76AFB8F46E6596ECBB7, 0C31D92F844BA5E4B2629012, CDC4C951F9AA5C54F3A2BD4F, BD731EDABECFA6F865702BF7); };
	};
	rootObject = 1F7C17AA48A85304B2A4EC74;
}
